// !$*UTF8*$!
{
	archiveVersion = 1;
	classes = {
	};
	objectVersion = 54;
	objects = {

/* Begin PBXBuildFile section */
		397A63D627810CFB002443CF /* CoreDataCRUD.swift in Sources */ = {isa = PBXBuildFile; fileRef = 397A63D527810CFB002443CF /* CoreDataCRUD.swift */; };
		39982F84278421AB002D0F5F /* LeaderboardView.swift in Sources */ = {isa = PBXBuildFile; fileRef = 39982F83278421AB002D0F5F /* LeaderboardView.swift */; };
		399BF1842782742E00C06C42 /* HomeScheduleDetailView.swift in Sources */ = {isa = PBXBuildFile; fileRef = 399BF1832782742E00C06C42 /* HomeScheduleDetailView.swift */; };
		B319D156277EE7550045F06D /* PVSAProgressBar.swift in Sources */ = {isa = PBXBuildFile; fileRef = B319D155277EE7550045F06D /* PVSAProgressBar.swift */; };
		B319D158277EE7880045F06D /* Schedule.swift in Sources */ = {isa = PBXBuildFile; fileRef = B319D157277EE7880045F06D /* Schedule.swift */; };
		B319D15A277EE7A90045F06D /* SheetObserver.swift in Sources */ = {isa = PBXBuildFile; fileRef = B319D159277EE7A90045F06D /* SheetObserver.swift */; };
		B319D15E277EF7030045F06D /* ScheduleCardView.swift in Sources */ = {isa = PBXBuildFile; fileRef = B319D15D277EF7030045F06D /* ScheduleCardView.swift */; };
		B333369E27819C59007E9482 /* FriendCardView.swift in Sources */ = {isa = PBXBuildFile; fileRef = B333369D27819C59007E9482 /* FriendCardView.swift */; };
		B33336A027819E19007E9482 /* AddFriendSheet.swift in Sources */ = {isa = PBXBuildFile; fileRef = B333369F27819E19007E9482 /* AddFriendSheet.swift */; };
		B33336A22782CFB7007E9482 /* EventDetailSheet.swift in Sources */ = {isa = PBXBuildFile; fileRef = B33336A12782CFB7007E9482 /* EventDetailSheet.swift */; };
		B33336A42782E5DD007E9482 /* ScheduleModel.swift in Sources */ = {isa = PBXBuildFile; fileRef = B33336A32782E5DD007E9482 /* ScheduleModel.swift */; };
		B38CECCE277E4EDE00A98D3E /* ServiceApp.xcdatamodeld in Sources */ = {isa = PBXBuildFile; fileRef = B38CECCC277E4EDE00A98D3E /* ServiceApp.xcdatamodeld */; };
		B3DE1AD6278433B000E06378 /* CodeScanner in Frameworks */ = {isa = PBXBuildFile; productRef = B3DE1AD5278433B000E06378 /* CodeScanner */; };
		B3DE1AD827843ABF00E06378 /* FriendDetailSheet.swift in Sources */ = {isa = PBXBuildFile; fileRef = B3DE1AD727843ABF00E06378 /* FriendDetailSheet.swift */; };
		B3DE1ADB27843C8200E06378 /* SwiftUICharts in Frameworks */ = {isa = PBXBuildFile; productRef = B3DE1ADA27843C8200E06378 /* SwiftUICharts */; };
		B3DE1ADD278443AE00E06378 /* FriendsCommonEvent.swift in Sources */ = {isa = PBXBuildFile; fileRef = B3DE1ADC278443AE00E06378 /* FriendsCommonEvent.swift */; };
		B3E6FCBB277C5870004DEE5B /* ServiceAppApp.swift in Sources */ = {isa = PBXBuildFile; fileRef = B3E6FCBA277C5870004DEE5B /* ServiceAppApp.swift */; };
		B3E6FCBD277C5870004DEE5B /* ContentView.swift in Sources */ = {isa = PBXBuildFile; fileRef = B3E6FCBC277C5870004DEE5B /* ContentView.swift */; };
		B3E6FCBF277C5871004DEE5B /* Assets.xcassets in Resources */ = {isa = PBXBuildFile; fileRef = B3E6FCBE277C5871004DEE5B /* Assets.xcassets */; };
		B3E6FCC2277C5871004DEE5B /* Preview Assets.xcassets in Resources */ = {isa = PBXBuildFile; fileRef = B3E6FCC1277C5871004DEE5B /* Preview Assets.xcassets */; };
		B3E6FCC9277C58D3004DEE5B /* Account.swift in Sources */ = {isa = PBXBuildFile; fileRef = B3E6FCC8277C58D3004DEE5B /* Account.swift */; };
		B3E6FCCD277C594A004DEE5B /* CustomTabBar.swift in Sources */ = {isa = PBXBuildFile; fileRef = B3E6FCCC277C594A004DEE5B /* CustomTabBar.swift */; };
		B3E6FCCF277C5972004DEE5B /* EventDetailView.swift in Sources */ = {isa = PBXBuildFile; fileRef = B3E6FCCE277C5972004DEE5B /* EventDetailView.swift */; };
		B3E6FCD1277C5991004DEE5B /* HomeView.swift in Sources */ = {isa = PBXBuildFile; fileRef = B3E6FCD0277C5991004DEE5B /* HomeView.swift */; };
		B3E6FCD5277C59E2004DEE5B /* MapListElements.swift in Sources */ = {isa = PBXBuildFile; fileRef = B3E6FCD4277C59E2004DEE5B /* MapListElements.swift */; };
		B3E6FCD9277C5A0B004DEE5B /* MapListHalfSheet.swift in Sources */ = {isa = PBXBuildFile; fileRef = B3E6FCD8277C5A0B004DEE5B /* MapListHalfSheet.swift */; };
		B3E6FCDB277C5A21004DEE5B /* MapView.swift in Sources */ = {isa = PBXBuildFile; fileRef = B3E6FCDA277C5A21004DEE5B /* MapView.swift */; };
		B3E6FCDD277C5A2F004DEE5B /* Persistence.swift in Sources */ = {isa = PBXBuildFile; fileRef = B3E6FCDC277C5A2F004DEE5B /* Persistence.swift */; };
		B3E6FCDF277C5A43004DEE5B /* SampleData.swift in Sources */ = {isa = PBXBuildFile; fileRef = B3E6FCDE277C5A43004DEE5B /* SampleData.swift */; };
		B3E6FCE1277C5A54004DEE5B /* Socials.swift in Sources */ = {isa = PBXBuildFile; fileRef = B3E6FCE0277C5A53004DEE5B /* Socials.swift */; };
/* End PBXBuildFile section */

/* Begin PBXFileReference section */
		397A63D527810CFB002443CF /* CoreDataCRUD.swift */ = {isa = PBXFileReference; lastKnownFileType = sourcecode.swift; path = CoreDataCRUD.swift; sourceTree = "<group>"; };
		39982F83278421AB002D0F5F /* LeaderboardView.swift */ = {isa = PBXFileReference; lastKnownFileType = sourcecode.swift; path = LeaderboardView.swift; sourceTree = "<group>"; };
		399BF1832782742E00C06C42 /* HomeScheduleDetailView.swift */ = {isa = PBXFileReference; lastKnownFileType = sourcecode.swift; path = HomeScheduleDetailView.swift; sourceTree = "<group>"; };
		B319D155277EE7550045F06D /* PVSAProgressBar.swift */ = {isa = PBXFileReference; lastKnownFileType = sourcecode.swift; path = PVSAProgressBar.swift; sourceTree = "<group>"; };
		B319D157277EE7880045F06D /* Schedule.swift */ = {isa = PBXFileReference; lastKnownFileType = sourcecode.swift; path = Schedule.swift; sourceTree = "<group>"; };
		B319D159277EE7A90045F06D /* SheetObserver.swift */ = {isa = PBXFileReference; lastKnownFileType = sourcecode.swift; path = SheetObserver.swift; sourceTree = "<group>"; };
		B319D15D277EF7030045F06D /* ScheduleCardView.swift */ = {isa = PBXFileReference; lastKnownFileType = sourcecode.swift; path = ScheduleCardView.swift; sourceTree = "<group>"; };
		B333369D27819C59007E9482 /* FriendCardView.swift */ = {isa = PBXFileReference; lastKnownFileType = sourcecode.swift; path = FriendCardView.swift; sourceTree = "<group>"; };
		B333369F27819E19007E9482 /* AddFriendSheet.swift */ = {isa = PBXFileReference; lastKnownFileType = sourcecode.swift; path = AddFriendSheet.swift; sourceTree = "<group>"; };
		B33336A12782CFB7007E9482 /* EventDetailSheet.swift */ = {isa = PBXFileReference; lastKnownFileType = sourcecode.swift; path = EventDetailSheet.swift; sourceTree = "<group>"; };
		B33336A32782E5DD007E9482 /* ScheduleModel.swift */ = {isa = PBXFileReference; lastKnownFileType = sourcecode.swift; path = ScheduleModel.swift; sourceTree = "<group>"; };
		B38CECCD277E4EDE00A98D3E /* ServiceApp.xcdatamodel */ = {isa = PBXFileReference; lastKnownFileType = wrapper.xcdatamodel; path = ServiceApp.xcdatamodel; sourceTree = "<group>"; };
		B3DE1AD727843ABF00E06378 /* FriendDetailSheet.swift */ = {isa = PBXFileReference; lastKnownFileType = sourcecode.swift; path = FriendDetailSheet.swift; sourceTree = "<group>"; };
		B3DE1ADC278443AE00E06378 /* FriendsCommonEvent.swift */ = {isa = PBXFileReference; lastKnownFileType = sourcecode.swift; path = FriendsCommonEvent.swift; sourceTree = "<group>"; };
		B3E6FCB7277C5870004DEE5B /* ServiceApp.app */ = {isa = PBXFileReference; explicitFileType = wrapper.application; includeInIndex = 0; path = ServiceApp.app; sourceTree = BUILT_PRODUCTS_DIR; };
		B3E6FCBA277C5870004DEE5B /* ServiceAppApp.swift */ = {isa = PBXFileReference; lastKnownFileType = sourcecode.swift; path = ServiceAppApp.swift; sourceTree = "<group>"; };
		B3E6FCBC277C5870004DEE5B /* ContentView.swift */ = {isa = PBXFileReference; lastKnownFileType = sourcecode.swift; path = ContentView.swift; sourceTree = "<group>"; };
		B3E6FCBE277C5871004DEE5B /* Assets.xcassets */ = {isa = PBXFileReference; lastKnownFileType = folder.assetcatalog; path = Assets.xcassets; sourceTree = "<group>"; };
		B3E6FCC1277C5871004DEE5B /* Preview Assets.xcassets */ = {isa = PBXFileReference; lastKnownFileType = folder.assetcatalog; path = "Preview Assets.xcassets"; sourceTree = "<group>"; };
		B3E6FCC8277C58D3004DEE5B /* Account.swift */ = {isa = PBXFileReference; lastKnownFileType = sourcecode.swift; path = Account.swift; sourceTree = "<group>"; };
		B3E6FCCC277C594A004DEE5B /* CustomTabBar.swift */ = {isa = PBXFileReference; lastKnownFileType = sourcecode.swift; path = CustomTabBar.swift; sourceTree = "<group>"; };
		B3E6FCCE277C5972004DEE5B /* EventDetailView.swift */ = {isa = PBXFileReference; lastKnownFileType = sourcecode.swift; path = EventDetailView.swift; sourceTree = "<group>"; };
		B3E6FCD0277C5991004DEE5B /* HomeView.swift */ = {isa = PBXFileReference; lastKnownFileType = sourcecode.swift; path = HomeView.swift; sourceTree = "<group>"; };
		B3E6FCD4277C59E2004DEE5B /* MapListElements.swift */ = {isa = PBXFileReference; lastKnownFileType = sourcecode.swift; path = MapListElements.swift; sourceTree = "<group>"; };
		B3E6FCD8277C5A0B004DEE5B /* MapListHalfSheet.swift */ = {isa = PBXFileReference; lastKnownFileType = sourcecode.swift; path = MapListHalfSheet.swift; sourceTree = "<group>"; };
		B3E6FCDA277C5A21004DEE5B /* MapView.swift */ = {isa = PBXFileReference; lastKnownFileType = sourcecode.swift; path = MapView.swift; sourceTree = "<group>"; };
		B3E6FCDC277C5A2F004DEE5B /* Persistence.swift */ = {isa = PBXFileReference; lastKnownFileType = sourcecode.swift; path = Persistence.swift; sourceTree = "<group>"; };
		B3E6FCDE277C5A43004DEE5B /* SampleData.swift */ = {isa = PBXFileReference; lastKnownFileType = sourcecode.swift; path = SampleData.swift; sourceTree = "<group>"; };
		B3E6FCE0277C5A53004DEE5B /* Socials.swift */ = {isa = PBXFileReference; lastKnownFileType = sourcecode.swift; path = Socials.swift; sourceTree = "<group>"; };
/* End PBXFileReference section */

/* Begin PBXFrameworksBuildPhase section */
		B3E6FCB4277C5870004DEE5B /* Frameworks */ = {
			isa = PBXFrameworksBuildPhase;
			buildActionMask = 2147483647;
			files = (
				B3DE1AD6278433B000E06378 /* CodeScanner in Frameworks */,
				B3DE1ADB27843C8200E06378 /* SwiftUICharts in Frameworks */,
			);
			runOnlyForDeploymentPostprocessing = 0;
		};
/* End PBXFrameworksBuildPhase section */

/* Begin PBXGroup section */
		397A63D727810DBA002443CF /* Main */ = {
			isa = PBXGroup;
			children = (
				B3E6FCBA277C5870004DEE5B /* ServiceAppApp.swift */,
				B3E6FCBC277C5870004DEE5B /* ContentView.swift */,
				B3E6FCCC277C594A004DEE5B /* CustomTabBar.swift */,
			);
			name = Main;
			sourceTree = "<group>";
		};
		397A63D827810DDB002443CF /* HelperClasses */ = {
			isa = PBXGroup;
			children = (
				B319D155277EE7550045F06D /* PVSAProgressBar.swift */,
				B319D159277EE7A90045F06D /* SheetObserver.swift */,
				B38CECCC277E4EDE00A98D3E /* ServiceApp.xcdatamodeld */,
				397A63D527810CFB002443CF /* CoreDataCRUD.swift */,
				B3E6FCDC277C5A2F004DEE5B /* Persistence.swift */,
				B3E6FCDE277C5A43004DEE5B /* SampleData.swift */,
			);
			name = HelperClasses;
			sourceTree = "<group>";
		};
		397A63D927810E24002443CF /* Map */ = {
			isa = PBXGroup;
			children = (
				B3E6FCDA277C5A21004DEE5B /* MapView.swift */,
				B3E6FCD4277C59E2004DEE5B /* MapListElements.swift */,
				B3E6FCD8277C5A0B004DEE5B /* MapListHalfSheet.swift */,
			);
			name = Map;
			sourceTree = "<group>";
		};
		39982F8227842169002D0F5F /* Home */ = {
			isa = PBXGroup;
			children = (
				B3E6FCD0277C5991004DEE5B /* HomeView.swift */,
				399BF1832782742E00C06C42 /* HomeScheduleDetailView.swift */,
			);
			name = Home;
			sourceTree = "<group>";
		};
		B3E6FCAE277C5870004DEE5B = {
			isa = PBXGroup;
			children = (
				B3E6FCB9277C5870004DEE5B /* ServiceApp */,
				B3E6FCB8277C5870004DEE5B /* Products */,
			);
			sourceTree = "<group>";
		};
		B3E6FCB8277C5870004DEE5B /* Products */ = {
			isa = PBXGroup;
			children = (
				B3E6FCB7277C5870004DEE5B /* ServiceApp.app */,
			);
			name = Products;
			sourceTree = "<group>";
		};
		B3E6FCB9277C5870004DEE5B /* ServiceApp */ = {
			isa = PBXGroup;
			children = (
				397A63D727810DBA002443CF /* Main */,
				397A63D827810DDB002443CF /* HelperClasses */,
				397A63D927810E24002443CF /* Map */,
				39982F83278421AB002D0F5F /* LeaderboardView.swift */,
				39982F8227842169002D0F5F /* Home */,
				B319D15D277EF7030045F06D /* ScheduleCardView.swift */,
				B33336A12782CFB7007E9482 /* EventDetailSheet.swift */,
				B319D157277EE7880045F06D /* Schedule.swift */,
				B33336A32782E5DD007E9482 /* ScheduleModel.swift */,
				B333369F27819E19007E9482 /* AddFriendSheet.swift */,
				B3E6FCE0277C5A53004DEE5B /* Socials.swift */,
				B3DE1ADC278443AE00E06378 /* FriendsCommonEvent.swift */,
				B3DE1AD727843ABF00E06378 /* FriendDetailSheet.swift */,
				B333369D27819C59007E9482 /* FriendCardView.swift */,
				B3E6FCC8277C58D3004DEE5B /* Account.swift */,
				B3E6FCCE277C5972004DEE5B /* EventDetailView.swift */,
				B3E6FCBE277C5871004DEE5B /* Assets.xcassets */,
				B3E6FCC0277C5871004DEE5B /* Preview Content */,
			);
			path = ServiceApp;
			sourceTree = "<group>";
		};
		B3E6FCC0277C5871004DEE5B /* Preview Content */ = {
			isa = PBXGroup;
			children = (
				B3E6FCC1277C5871004DEE5B /* Preview Assets.xcassets */,
			);
			path = "Preview Content";
			sourceTree = "<group>";
		};
/* End PBXGroup section */

/* Begin PBXNativeTarget section */
		B3E6FCB6277C5870004DEE5B /* ServiceApp */ = {
			isa = PBXNativeTarget;
			buildConfigurationList = B3E6FCC5277C5871004DEE5B /* Build configuration list for PBXNativeTarget "ServiceApp" */;
			buildPhases = (
				B3E6FCB3277C5870004DEE5B /* Sources */,
				B3E6FCB4277C5870004DEE5B /* Frameworks */,
				B3E6FCB5277C5870004DEE5B /* Resources */,
			);
			buildRules = (
			);
			dependencies = (
			);
			name = ServiceApp;
			packageProductDependencies = (
				B3DE1AD5278433B000E06378 /* CodeScanner */,
				B3DE1ADA27843C8200E06378 /* SwiftUICharts */,
			);
			productName = ServiceApp;
			productReference = B3E6FCB7277C5870004DEE5B /* ServiceApp.app */;
			productType = "com.apple.product-type.application";
		};
/* End PBXNativeTarget section */

/* Begin PBXProject section */
		B3E6FCAF277C5870004DEE5B /* Project object */ = {
			isa = PBXProject;
			attributes = {
				BuildIndependentTargetsInParallel = 1;
				LastSwiftUpdateCheck = 1320;
				LastUpgradeCheck = 1320;
				TargetAttributes = {
					B3E6FCB6277C5870004DEE5B = {
						CreatedOnToolsVersion = 13.2.1;
					};
				};
			};
			buildConfigurationList = B3E6FCB2277C5870004DEE5B /* Build configuration list for PBXProject "ServiceApp" */;
			compatibilityVersion = "Xcode 12.0";
			developmentRegion = en;
			hasScannedForEncodings = 0;
			knownRegions = (
				en,
				Base,
			);
			mainGroup = B3E6FCAE277C5870004DEE5B;
			packageReferences = (
				B3DE1AD4278433B000E06378 /* XCRemoteSwiftPackageReference "CodeScanner" */,
				B3DE1AD927843C8200E06378 /* XCRemoteSwiftPackageReference "ChartView" */,
			);
			productRefGroup = B3E6FCB8277C5870004DEE5B /* Products */;
			projectDirPath = "";
			projectRoot = "";
			targets = (
				B3E6FCB6277C5870004DEE5B /* ServiceApp */,
			);
		};
/* End PBXProject section */

/* Begin PBXResourcesBuildPhase section */
		B3E6FCB5277C5870004DEE5B /* Resources */ = {
			isa = PBXResourcesBuildPhase;
			buildActionMask = 2147483647;
			files = (
				B3E6FCC2277C5871004DEE5B /* Preview Assets.xcassets in Resources */,
				B3E6FCBF277C5871004DEE5B /* Assets.xcassets in Resources */,
			);
			runOnlyForDeploymentPostprocessing = 0;
		};
/* End PBXResourcesBuildPhase section */

/* Begin PBXSourcesBuildPhase section */
		B3E6FCB3277C5870004DEE5B /* Sources */ = {
			isa = PBXSourcesBuildPhase;
			buildActionMask = 2147483647;
			files = (
				B3E6FCD5277C59E2004DEE5B /* MapListElements.swift in Sources */,
				B3E6FCBD277C5870004DEE5B /* ContentView.swift in Sources */,
				B33336A22782CFB7007E9482 /* EventDetailSheet.swift in Sources */,
				397A63D627810CFB002443CF /* CoreDataCRUD.swift in Sources */,
				B319D158277EE7880045F06D /* Schedule.swift in Sources */,
				B3E6FCD1277C5991004DEE5B /* HomeView.swift in Sources */,
				B319D15E277EF7030045F06D /* ScheduleCardView.swift in Sources */,
				B3E6FCDB277C5A21004DEE5B /* MapView.swift in Sources */,
				B33336A027819E19007E9482 /* AddFriendSheet.swift in Sources */,
				B319D156277EE7550045F06D /* PVSAProgressBar.swift in Sources */,
				399BF1842782742E00C06C42 /* HomeScheduleDetailView.swift in Sources */,
				B333369E27819C59007E9482 /* FriendCardView.swift in Sources */,
				B33336A42782E5DD007E9482 /* ScheduleModel.swift in Sources */,
				B38CECCE277E4EDE00A98D3E /* ServiceApp.xcdatamodeld in Sources */,
				B319D15A277EE7A90045F06D /* SheetObserver.swift in Sources */,
				B3E6FCCD277C594A004DEE5B /* CustomTabBar.swift in Sources */,
				B3DE1AD827843ABF00E06378 /* FriendDetailSheet.swift in Sources */,
				39982F84278421AB002D0F5F /* LeaderboardView.swift in Sources */,
				B3E6FCCF277C5972004DEE5B /* EventDetailView.swift in Sources */,
				B3DE1ADD278443AE00E06378 /* FriendsCommonEvent.swift in Sources */,
				B3E6FCD9277C5A0B004DEE5B /* MapListHalfSheet.swift in Sources */,
				B3E6FCDF277C5A43004DEE5B /* SampleData.swift in Sources */,
				B3E6FCBB277C5870004DEE5B /* ServiceAppApp.swift in Sources */,
				B3E6FCDD277C5A2F004DEE5B /* Persistence.swift in Sources */,
				B3E6FCE1277C5A54004DEE5B /* Socials.swift in Sources */,
				B3E6FCC9277C58D3004DEE5B /* Account.swift in Sources */,
			);
			runOnlyForDeploymentPostprocessing = 0;
		};
/* End PBXSourcesBuildPhase section */

/* Begin XCBuildConfiguration section */
		B3E6FCC3277C5871004DEE5B /* Debug */ = {
			isa = XCBuildConfiguration;
			buildSettings = {
				ALWAYS_SEARCH_USER_PATHS = NO;
				CLANG_ANALYZER_NONNULL = YES;
				CLANG_ANALYZER_NUMBER_OBJECT_CONVERSION = YES_AGGRESSIVE;
				CLANG_CXX_LANGUAGE_STANDARD = "gnu++17";
				CLANG_CXX_LIBRARY = "libc++";
				CLANG_ENABLE_MODULES = YES;
				CLANG_ENABLE_OBJC_ARC = YES;
				CLANG_ENABLE_OBJC_WEAK = YES;
				CLANG_WARN_BLOCK_CAPTURE_AUTORELEASING = YES;
				CLANG_WARN_BOOL_CONVERSION = YES;
				CLANG_WARN_COMMA = YES;
				CLANG_WARN_CONSTANT_CONVERSION = YES;
				CLANG_WARN_DEPRECATED_OBJC_IMPLEMENTATIONS = YES;
				CLANG_WARN_DIRECT_OBJC_ISA_USAGE = YES_ERROR;
				CLANG_WARN_DOCUMENTATION_COMMENTS = YES;
				CLANG_WARN_EMPTY_BODY = YES;
				CLANG_WARN_ENUM_CONVERSION = YES;
				CLANG_WARN_INFINITE_RECURSION = YES;
				CLANG_WARN_INT_CONVERSION = YES;
				CLANG_WARN_NON_LITERAL_NULL_CONVERSION = YES;
				CLANG_WARN_OBJC_IMPLICIT_RETAIN_SELF = YES;
				CLANG_WARN_OBJC_LITERAL_CONVERSION = YES;
				CLANG_WARN_OBJC_ROOT_CLASS = YES_ERROR;
				CLANG_WARN_QUOTED_INCLUDE_IN_FRAMEWORK_HEADER = YES;
				CLANG_WARN_RANGE_LOOP_ANALYSIS = YES;
				CLANG_WARN_STRICT_PROTOTYPES = YES;
				CLANG_WARN_SUSPICIOUS_MOVE = YES;
				CLANG_WARN_UNGUARDED_AVAILABILITY = YES_AGGRESSIVE;
				CLANG_WARN_UNREACHABLE_CODE = YES;
				CLANG_WARN__DUPLICATE_METHOD_MATCH = YES;
				COPY_PHASE_STRIP = NO;
				DEBUG_INFORMATION_FORMAT = dwarf;
				ENABLE_STRICT_OBJC_MSGSEND = YES;
				ENABLE_TESTABILITY = YES;
				GCC_C_LANGUAGE_STANDARD = gnu11;
				GCC_DYNAMIC_NO_PIC = NO;
				GCC_NO_COMMON_BLOCKS = YES;
				GCC_OPTIMIZATION_LEVEL = 0;
				GCC_PREPROCESSOR_DEFINITIONS = (
					"DEBUG=1",
					"$(inherited)",
				);
				GCC_WARN_64_TO_32_BIT_CONVERSION = YES;
				GCC_WARN_ABOUT_RETURN_TYPE = YES_ERROR;
				GCC_WARN_UNDECLARED_SELECTOR = YES;
				GCC_WARN_UNINITIALIZED_AUTOS = YES_AGGRESSIVE;
				GCC_WARN_UNUSED_FUNCTION = YES;
				GCC_WARN_UNUSED_VARIABLE = YES;
				IPHONEOS_DEPLOYMENT_TARGET = 15.0;
				MTL_ENABLE_DEBUG_INFO = INCLUDE_SOURCE;
				MTL_FAST_MATH = YES;
				ONLY_ACTIVE_ARCH = YES;
				SDKROOT = iphoneos;
				SWIFT_ACTIVE_COMPILATION_CONDITIONS = DEBUG;
				SWIFT_OPTIMIZATION_LEVEL = "-Onone";
			};
			name = Debug;
		};
		B3E6FCC4277C5871004DEE5B /* Release */ = {
			isa = XCBuildConfiguration;
			buildSettings = {
				ALWAYS_SEARCH_USER_PATHS = NO;
				CLANG_ANALYZER_NONNULL = YES;
				CLANG_ANALYZER_NUMBER_OBJECT_CONVERSION = YES_AGGRESSIVE;
				CLANG_CXX_LANGUAGE_STANDARD = "gnu++17";
				CLANG_CXX_LIBRARY = "libc++";
				CLANG_ENABLE_MODULES = YES;
				CLANG_ENABLE_OBJC_ARC = YES;
				CLANG_ENABLE_OBJC_WEAK = YES;
				CLANG_WARN_BLOCK_CAPTURE_AUTORELEASING = YES;
				CLANG_WARN_BOOL_CONVERSION = YES;
				CLANG_WARN_COMMA = YES;
				CLANG_WARN_CONSTANT_CONVERSION = YES;
				CLANG_WARN_DEPRECATED_OBJC_IMPLEMENTATIONS = YES;
				CLANG_WARN_DIRECT_OBJC_ISA_USAGE = YES_ERROR;
				CLANG_WARN_DOCUMENTATION_COMMENTS = YES;
				CLANG_WARN_EMPTY_BODY = YES;
				CLANG_WARN_ENUM_CONVERSION = YES;
				CLANG_WARN_INFINITE_RECURSION = YES;
				CLANG_WARN_INT_CONVERSION = YES;
				CLANG_WARN_NON_LITERAL_NULL_CONVERSION = YES;
				CLANG_WARN_OBJC_IMPLICIT_RETAIN_SELF = YES;
				CLANG_WARN_OBJC_LITERAL_CONVERSION = YES;
				CLANG_WARN_OBJC_ROOT_CLASS = YES_ERROR;
				CLANG_WARN_QUOTED_INCLUDE_IN_FRAMEWORK_HEADER = YES;
				CLANG_WARN_RANGE_LOOP_ANALYSIS = YES;
				CLANG_WARN_STRICT_PROTOTYPES = YES;
				CLANG_WARN_SUSPICIOUS_MOVE = YES;
				CLANG_WARN_UNGUARDED_AVAILABILITY = YES_AGGRESSIVE;
				CLANG_WARN_UNREACHABLE_CODE = YES;
				CLANG_WARN__DUPLICATE_METHOD_MATCH = YES;
				COPY_PHASE_STRIP = NO;
				DEBUG_INFORMATION_FORMAT = "dwarf-with-dsym";
				ENABLE_NS_ASSERTIONS = NO;
				ENABLE_STRICT_OBJC_MSGSEND = YES;
				GCC_C_LANGUAGE_STANDARD = gnu11;
				GCC_NO_COMMON_BLOCKS = YES;
				GCC_WARN_64_TO_32_BIT_CONVERSION = YES;
				GCC_WARN_ABOUT_RETURN_TYPE = YES_ERROR;
				GCC_WARN_UNDECLARED_SELECTOR = YES;
				GCC_WARN_UNINITIALIZED_AUTOS = YES_AGGRESSIVE;
				GCC_WARN_UNUSED_FUNCTION = YES;
				GCC_WARN_UNUSED_VARIABLE = YES;
				IPHONEOS_DEPLOYMENT_TARGET = 15.0;
				MTL_ENABLE_DEBUG_INFO = NO;
				MTL_FAST_MATH = YES;
				SDKROOT = iphoneos;
				SWIFT_COMPILATION_MODE = wholemodule;
				SWIFT_OPTIMIZATION_LEVEL = "-O";
				VALIDATE_PRODUCT = YES;
			};
			name = Release;
		};
		B3E6FCC6277C5871004DEE5B /* Debug */ = {
			isa = XCBuildConfiguration;
			buildSettings = {
				ASSETCATALOG_COMPILER_APPICON_NAME = AppIcon;
				ASSETCATALOG_COMPILER_GLOBAL_ACCENT_COLOR_NAME = AccentColor;
				CODE_SIGN_STYLE = Automatic;
				CURRENT_PROJECT_VERSION = 1;
				DEVELOPMENT_ASSET_PATHS = "\"ServiceApp/Preview Content\"";
				DEVELOPMENT_TEAM = B2278J6LL2;
				ENABLE_PREVIEWS = YES;
				GENERATE_INFOPLIST_FILE = YES;
				INFOPLIST_FILE = ServiceApp/Info.plist;
				INFOPLIST_KEY_UIApplicationSceneManifest_Generation = YES;
				INFOPLIST_KEY_UIApplicationSupportsIndirectInputEvents = YES;
				INFOPLIST_KEY_UILaunchScreen_Generation = YES;
				INFOPLIST_KEY_UISupportedInterfaceOrientations_iPad = "UIInterfaceOrientationPortrait UIInterfaceOrientationPortraitUpsideDown UIInterfaceOrientationLandscapeLeft UIInterfaceOrientationLandscapeRight";
				INFOPLIST_KEY_UISupportedInterfaceOrientations_iPhone = "UIInterfaceOrientationPortrait UIInterfaceOrientationLandscapeLeft UIInterfaceOrientationLandscapeRight";
				IPHONEOS_DEPLOYMENT_TARGET = 14.5;
				LD_RUNPATH_SEARCH_PATHS = (
					"$(inherited)",
					"@executable_path/Frameworks",
				);
				MARKETING_VERSION = 1.0;
				PRODUCT_BUNDLE_IDENTIFIER = com.app.ServiceApp;
				PRODUCT_NAME = "$(TARGET_NAME)";
				SWIFT_EMIT_LOC_STRINGS = YES;
				SWIFT_VERSION = 5.0;
				TARGETED_DEVICE_FAMILY = 1;
			};
			name = Debug;
		};
		B3E6FCC7277C5871004DEE5B /* Release */ = {
			isa = XCBuildConfiguration;
			buildSettings = {
				ASSETCATALOG_COMPILER_APPICON_NAME = AppIcon;
				ASSETCATALOG_COMPILER_GLOBAL_ACCENT_COLOR_NAME = AccentColor;
				CODE_SIGN_STYLE = Automatic;
				CURRENT_PROJECT_VERSION = 1;
				DEVELOPMENT_ASSET_PATHS = "\"ServiceApp/Preview Content\"";
				DEVELOPMENT_TEAM = B2278J6LL2;
				ENABLE_PREVIEWS = YES;
				GENERATE_INFOPLIST_FILE = YES;
				INFOPLIST_FILE = ServiceApp/Info.plist;
				INFOPLIST_KEY_UIApplicationSceneManifest_Generation = YES;
				INFOPLIST_KEY_UIApplicationSupportsIndirectInputEvents = YES;
				INFOPLIST_KEY_UILaunchScreen_Generation = YES;
				INFOPLIST_KEY_UISupportedInterfaceOrientations_iPad = "UIInterfaceOrientationPortrait UIInterfaceOrientationPortraitUpsideDown UIInterfaceOrientationLandscapeLeft UIInterfaceOrientationLandscapeRight";
				INFOPLIST_KEY_UISupportedInterfaceOrientations_iPhone = "UIInterfaceOrientationPortrait UIInterfaceOrientationLandscapeLeft UIInterfaceOrientationLandscapeRight";
				IPHONEOS_DEPLOYMENT_TARGET = 14.5;
				LD_RUNPATH_SEARCH_PATHS = (
					"$(inherited)",
					"@executable_path/Frameworks",
				);
				MARKETING_VERSION = 1.0;
				PRODUCT_BUNDLE_IDENTIFIER = com.app.ServiceApp;
				PRODUCT_NAME = "$(TARGET_NAME)";
				SWIFT_EMIT_LOC_STRINGS = YES;
				SWIFT_VERSION = 5.0;
				TARGETED_DEVICE_FAMILY = 1;
			};
			name = Release;
		};
/* End XCBuildConfiguration section */

/* Begin XCConfigurationList section */
		B3E6FCB2277C5870004DEE5B /* Build configuration list for PBXProject "ServiceApp" */ = {
			isa = XCConfigurationList;
			buildConfigurations = (
				B3E6FCC3277C5871004DEE5B /* Debug */,
				B3E6FCC4277C5871004DEE5B /* Release */,
			);
			defaultConfigurationIsVisible = 0;
			defaultConfigurationName = Release;
		};
		B3E6FCC5277C5871004DEE5B /* Build configuration list for PBXNativeTarget "ServiceApp" */ = {
			isa = XCConfigurationList;
			buildConfigurations = (
				B3E6FCC6277C5871004DEE5B /* Debug */,
				B3E6FCC7277C5871004DEE5B /* Release */,
			);
			defaultConfigurationIsVisible = 0;
			defaultConfigurationName = Release;
		};
/* End XCConfigurationList section */

/* Begin XCRemoteSwiftPackageReference section */
		B3DE1AD4278433B000E06378 /* XCRemoteSwiftPackageReference "CodeScanner" */ = {
			isa = XCRemoteSwiftPackageReference;
			repositoryURL = "https://github.com/twostraws/CodeScanner";
			requirement = {
				branch = main;
				kind = branch;
			};
		};
		B3DE1AD927843C8200E06378 /* XCRemoteSwiftPackageReference "ChartView" */ = {
			isa = XCRemoteSwiftPackageReference;
			repositoryURL = "https://github.com/AppPear/ChartView";
			requirement = {
				kind = upToNextMajorVersion;
				minimumVersion = 1.0.0;
			};
		};
/* End XCRemoteSwiftPackageReference section */

/* Begin XCSwiftPackageProductDependency section */
		B3DE1AD5278433B000E06378 /* CodeScanner */ = {
			isa = XCSwiftPackageProductDependency;
			package = B3DE1AD4278433B000E06378 /* XCRemoteSwiftPackageReference "CodeScanner" */;
			productName = CodeScanner;
		};
		B3DE1ADA27843C8200E06378 /* SwiftUICharts */ = {
			isa = XCSwiftPackageProductDependency;
			package = B3DE1AD927843C8200E06378 /* XCRemoteSwiftPackageReference "ChartView" */;
			productName = SwiftUICharts;
		};
/* End XCSwiftPackageProductDependency section */

/* Begin XCVersionGroup section */
		B38CECCC277E4EDE00A98D3E /* ServiceApp.xcdatamodeld */ = {
			isa = XCVersionGroup;
			children = (
				B38CECCD277E4EDE00A98D3E /* ServiceApp.xcdatamodel */,
			);
			currentVersion = B38CECCD277E4EDE00A98D3E /* ServiceApp.xcdatamodel */;
			path = ServiceApp.xcdatamodeld;
			sourceTree = "<group>";
			versionGroupType = wrapper.xcdatamodel;
		};
/* End XCVersionGroup section */
	};
	rootObject = B3E6FCAF277C5870004DEE5B /* Project object */;
}
