// !$*UTF8*$!
{
	archiveVersion = 1;
	classes = {
	};
	objectVersion = 54;
	objects = {

/* Begin PBXBuildFile section */
		39982F84278421AB002D0F5F /* LeaderboardView.swift in Sources */ = {isa = PBXBuildFile; fileRef = 39982F83278421AB002D0F5F /* LeaderboardView.swift */; };
		399BF1842782742E00C06C42 /* HomeScheduleDetailView.swift in Sources */ = {isa = PBXBuildFile; fileRef = 399BF1832782742E00C06C42 /* HomeScheduleDetailView.swift */; };
		39B5A9C52786ABEA0003E23F /* GoogleService-Info.plist in Resources */ = {isa = PBXBuildFile; fileRef = 39B5A9C42786ABEA0003E23F /* GoogleService-Info.plist */; };
		B319D156277EE7550045F06D /* PVSAProgressBar.swift in Sources */ = {isa = PBXBuildFile; fileRef = B319D155277EE7550045F06D /* PVSAProgressBar.swift */; };
		B319D158277EE7880045F06D /* Schedule.swift in Sources */ = {isa = PBXBuildFile; fileRef = B319D157277EE7880045F06D /* Schedule.swift */; };
		B319D15A277EE7A90045F06D /* SheetObserver.swift in Sources */ = {isa = PBXBuildFile; fileRef = B319D159277EE7A90045F06D /* SheetObserver.swift */; };
		B319D15E277EF7030045F06D /* ScheduleCardView.swift in Sources */ = {isa = PBXBuildFile; fileRef = B319D15D277EF7030045F06D /* ScheduleCardView.swift */; };
		B31F1AF128AC458A00C703AE /* FirebaseMessaging in Frameworks */ = {isa = PBXBuildFile; productRef = B31F1AF028AC458A00C703AE /* FirebaseMessaging */; };
		B333369E27819C59007E9482 /* FriendCardView.swift in Sources */ = {isa = PBXBuildFile; fileRef = B333369D27819C59007E9482 /* FriendCardView.swift */; };
		B33336A027819E19007E9482 /* AddFriendSheet.swift in Sources */ = {isa = PBXBuildFile; fileRef = B333369F27819E19007E9482 /* AddFriendSheet.swift */; };
		B33336A42782E5DD007E9482 /* ScheduleModel.swift in Sources */ = {isa = PBXBuildFile; fileRef = B33336A32782E5DD007E9482 /* ScheduleModel.swift */; };
		B339FBB6278F53D200545F0E /* CloudKit.framework in Frameworks */ = {isa = PBXBuildFile; fileRef = B339FBB5278F53D200545F0E /* CloudKit.framework */; };
		B359DBFA27973C3700B5486A /* RealtimeDatabaseCRUD.swift in Sources */ = {isa = PBXBuildFile; fileRef = B359DBF927973C3700B5486A /* RealtimeDatabaseCRUD.swift */; };
		B359DBFC2797428B00B5486A /* FirestoreCRUD.swift in Sources */ = {isa = PBXBuildFile; fileRef = B359DBFB2797428B00B5486A /* FirestoreCRUD.swift */; };
		B35D61BA28C41AC70035BB75 /* AppleSigninView.swift in Sources */ = {isa = PBXBuildFile; fileRef = B35D61B928C41AC70035BB75 /* AppleSigninView.swift */; };
		B36C7DF728935F1D009FC23E /* GeohashBox.swift in Sources */ = {isa = PBXBuildFile; fileRef = B36C7DF628935F1D009FC23E /* GeohashBox.swift */; };
		B36C7DF928935F35009FC23E /* Geohash.swift in Sources */ = {isa = PBXBuildFile; fileRef = B36C7DF828935F35009FC23E /* Geohash.swift */; };
		B38CECCE277E4EDE00A98D3E /* ServiceApp.xcdatamodeld in Sources */ = {isa = PBXBuildFile; fileRef = B38CECCC277E4EDE00A98D3E /* ServiceApp.xcdatamodeld */; };
		B38FD7D327AF77480059E41F /* ScheduleCardDetailModal.swift in Sources */ = {isa = PBXBuildFile; fileRef = B38FD7D227AF77480059E41F /* ScheduleCardDetailModal.swift */; };
		B3DE1AD6278433B000E06378 /* CodeScanner in Frameworks */ = {isa = PBXBuildFile; productRef = B3DE1AD5278433B000E06378 /* CodeScanner */; };
		B3DE1AD827843ABF00E06378 /* FriendDetailSheet.swift in Sources */ = {isa = PBXBuildFile; fileRef = B3DE1AD727843ABF00E06378 /* FriendDetailSheet.swift */; };
		B3DE1ADB27843C8200E06378 /* SwiftUICharts in Frameworks */ = {isa = PBXBuildFile; productRef = B3DE1ADA27843C8200E06378 /* SwiftUICharts */; };
		B3DE1ADD278443AE00E06378 /* FriendsCommonEvent.swift in Sources */ = {isa = PBXBuildFile; fileRef = B3DE1ADC278443AE00E06378 /* FriendsCommonEvent.swift */; };
		B3E6FCBB277C5870004DEE5B /* ServiceAppApp.swift in Sources */ = {isa = PBXBuildFile; fileRef = B3E6FCBA277C5870004DEE5B /* ServiceAppApp.swift */; };
		B3E6FCBD277C5870004DEE5B /* ContentView.swift in Sources */ = {isa = PBXBuildFile; fileRef = B3E6FCBC277C5870004DEE5B /* ContentView.swift */; };
		B3E6FCBF277C5871004DEE5B /* Assets.xcassets in Resources */ = {isa = PBXBuildFile; fileRef = B3E6FCBE277C5871004DEE5B /* Assets.xcassets */; };
		B3E6FCC2277C5871004DEE5B /* Preview Assets.xcassets in Resources */ = {isa = PBXBuildFile; fileRef = B3E6FCC1277C5871004DEE5B /* Preview Assets.xcassets */; };
		B3E6FCC9277C58D3004DEE5B /* Account.swift in Sources */ = {isa = PBXBuildFile; fileRef = B3E6FCC8277C58D3004DEE5B /* Account.swift */; };
		B3E6FCCD277C594A004DEE5B /* CustomTabBar.swift in Sources */ = {isa = PBXBuildFile; fileRef = B3E6FCCC277C594A004DEE5B /* CustomTabBar.swift */; };
		B3E6FCCF277C5972004DEE5B /* EventDetailView.swift in Sources */ = {isa = PBXBuildFile; fileRef = B3E6FCCE277C5972004DEE5B /* EventDetailView.swift */; };
		B3E6FCD1277C5991004DEE5B /* HomeView.swift in Sources */ = {isa = PBXBuildFile; fileRef = B3E6FCD0277C5991004DEE5B /* HomeView.swift */; };
		B3E6FCD5277C59E2004DEE5B /* MapListElements.swift in Sources */ = {isa = PBXBuildFile; fileRef = B3E6FCD4277C59E2004DEE5B /* MapListElements.swift */; };
		B3E6FCD9277C5A0B004DEE5B /* MapListHalfSheet.swift in Sources */ = {isa = PBXBuildFile; fileRef = B3E6FCD8277C5A0B004DEE5B /* MapListHalfSheet.swift */; };
		B3E6FCDB277C5A21004DEE5B /* MapView.swift in Sources */ = {isa = PBXBuildFile; fileRef = B3E6FCDA277C5A21004DEE5B /* MapView.swift */; };
		B3E6FCDF277C5A43004DEE5B /* DataModel.swift in Sources */ = {isa = PBXBuildFile; fileRef = B3E6FCDE277C5A43004DEE5B /* DataModel.swift */; };
		B3E6FCE1277C5A54004DEE5B /* Socials.swift in Sources */ = {isa = PBXBuildFile; fileRef = B3E6FCE0277C5A53004DEE5B /* Socials.swift */; };
		BE196EFB279CDA2800DA0217 /* Settings.swift in Sources */ = {isa = PBXBuildFile; fileRef = BE196EFA279CDA2800DA0217 /* Settings.swift */; };
		BE4FDCC02896450700136E6F /* launchScreen.storyboard in Resources */ = {isa = PBXBuildFile; fileRef = BE4FDCBF2896450700136E6F /* launchScreen.storyboard */; };
		BE53D652287A6C6200103DAF /* OrganizationDetailView.swift in Sources */ = {isa = PBXBuildFile; fileRef = BE53D651287A6C6200103DAF /* OrganizationDetailView.swift */; };
		BE5EEE24295E58A0003914E4 /* ScheduleCardDetailView.swift in Sources */ = {isa = PBXBuildFile; fileRef = BE5EEE23295E58A0003914E4 /* ScheduleCardDetailView.swift */; };
		BE7CCC3C2816669C0064BC80 /* EditAccountDetails.swift in Sources */ = {isa = PBXBuildFile; fileRef = BE7CCC3B2816669C0064BC80 /* EditAccountDetails.swift */; };
		BE8934FC296E8C9A001D0B5C /* NEWGRAPH.swift in Sources */ = {isa = PBXBuildFile; fileRef = BE8934FB296E8C9A001D0B5C /* NEWGRAPH.swift */; };
		BE92CC2E2899D34300CD7264 /* PVSAGraphs.swift in Sources */ = {isa = PBXBuildFile; fileRef = BE92CC2D2899D34300CD7264 /* PVSAGraphs.swift */; };
		BEAA842B28AC1AF1007161DD /* AlertToast in Frameworks */ = {isa = PBXBuildFile; productRef = BEAA842A28AC1AF1007161DD /* AlertToast */; };
		BEAF4C26295D0CCF00476462 /* AgeVerification.swift in Sources */ = {isa = PBXBuildFile; fileRef = BEAF4C25295D0CCF00476462 /* AgeVerification.swift */; };
		BEB2934027C1FE7C00D32BDE /* AuthSignIn.swift in Sources */ = {isa = PBXBuildFile; fileRef = BEB2933F27C1FE7C00D32BDE /* AuthSignIn.swift */; };
		BEB4844A284B17DC00FB8469 /* CheckInView.swift in Sources */ = {isa = PBXBuildFile; fileRef = BEB48449284B17DC00FB8469 /* CheckInView.swift */; };
		BEB551CA27C1A820008ED810 /* FirebaseAuth in Frameworks */ = {isa = PBXBuildFile; productRef = BEB551C927C1A820008ED810 /* FirebaseAuth */; };
		BEB551CC27C1A820008ED810 /* FirebaseDatabase in Frameworks */ = {isa = PBXBuildFile; productRef = BEB551CB27C1A820008ED810 /* FirebaseDatabase */; };
		BEB551CE27C1A820008ED810 /* FirebaseFirestore in Frameworks */ = {isa = PBXBuildFile; productRef = BEB551CD27C1A820008ED810 /* FirebaseFirestore */; };
		BEB551D027C1A820008ED810 /* FirebaseStorage in Frameworks */ = {isa = PBXBuildFile; productRef = BEB551CF27C1A820008ED810 /* FirebaseStorage */; };
		BEB551D327C1AEB4008ED810 /* GoogleSignIn in Frameworks */ = {isa = PBXBuildFile; productRef = BEB551D227C1AEB4008ED810 /* GoogleSignIn */; };
		BEB91CCC28AB7EDE00FB9917 /* VerificationPending.swift in Sources */ = {isa = PBXBuildFile; fileRef = BEB91CCB28AB7EDE00FB9917 /* VerificationPending.swift */; };
		BEBAB0BD288E72330049F689 /* FormValidationSignUp.swift in Sources */ = {isa = PBXBuildFile; fileRef = BEBAB0BC288E72330049F689 /* FormValidationSignUp.swift */; };
		BEBB061A27D41C1600CF0D23 /* FIRCloudImagesWithCache.swift in Sources */ = {isa = PBXBuildFile; fileRef = BEBB061927D41C1600CF0D23 /* FIRCloudImagesWithCache.swift */; };
		BEBB393C27DD608500E5AA18 /* CustomBezierPaths.swift in Sources */ = {isa = PBXBuildFile; fileRef = BEBB393B27DD608500E5AA18 /* CustomBezierPaths.swift */; };
		BEBE4DA52893A4AF003A0CE9 /* GeoFire in Frameworks */ = {isa = PBXBuildFile; productRef = BEBE4DA42893A4AF003A0CE9 /* GeoFire */; };
		BEBE4DA72893A4AF003A0CE9 /* GeoFireUtils in Frameworks */ = {isa = PBXBuildFile; productRef = BEBE4DA62893A4AF003A0CE9 /* GeoFireUtils */; };
		BEC7640F288FAECC00F90651 /* OnboardingManager.swift in Sources */ = {isa = PBXBuildFile; fileRef = BEC7640E288FAECC00F90651 /* OnboardingManager.swift */; };
		BED38A7427A5E10B0080D5B9 /* PhotoFileManager.swift in Sources */ = {isa = PBXBuildFile; fileRef = BED38A7327A5E10B0080D5B9 /* PhotoFileManager.swift */; };
		BED38A7A27A61D180080D5B9 /* SDWebImageSwiftUI in Frameworks */ = {isa = PBXBuildFile; productRef = BED38A7927A61D180080D5B9 /* SDWebImageSwiftUI */; };
		BEDEE6F528768122003B6857 /* FriendEventsInCommon.swift in Sources */ = {isa = PBXBuildFile; fileRef = BEDEE6F428768122003B6857 /* FriendEventsInCommon.swift */; };
		BEE28C3A2894BD2C00D0B15A /* TabBarController.swift in Sources */ = {isa = PBXBuildFile; fileRef = BEE28C392894BD2C00D0B15A /* TabBarController.swift */; };
		F416C238278517290099FDD6 /* PhotoPickerForQRScan.swift in Sources */ = {isa = PBXBuildFile; fileRef = F416C237278517290099FDD6 /* PhotoPickerForQRScan.swift */; };
		F426FA3827B43E8C00899C4B /* ConfirmNewFriend.swift in Sources */ = {isa = PBXBuildFile; fileRef = F426FA3727B43E8C00899C4B /* ConfirmNewFriend.swift */; };
		F4496577280151490068A497 /* AccountLoginView.swift in Sources */ = {isa = PBXBuildFile; fileRef = F4496576280151490068A497 /* AccountLoginView.swift */; };
		F449657928026E300068A497 /* AccountSignUpView.swift in Sources */ = {isa = PBXBuildFile; fileRef = F449657828026E300068A497 /* AccountSignUpView.swift */; };
		F45E234027A9B263007AF9D4 /* RecommendedView.swift in Sources */ = {isa = PBXBuildFile; fileRef = F45E233F27A9B263007AF9D4 /* RecommendedView.swift */; };
		F4903AB227E97BE7004FE5B7 /* WebView.swift in Sources */ = {isa = PBXBuildFile; fileRef = F4903AB127E97BE7004FE5B7 /* WebView.swift */; };
/* End PBXBuildFile section */

/* Begin PBXFileReference section */
		39982F83278421AB002D0F5F /* LeaderboardView.swift */ = {isa = PBXFileReference; lastKnownFileType = sourcecode.swift; path = LeaderboardView.swift; sourceTree = "<group>"; };
		399BF1832782742E00C06C42 /* HomeScheduleDetailView.swift */ = {isa = PBXFileReference; lastKnownFileType = sourcecode.swift; path = HomeScheduleDetailView.swift; sourceTree = "<group>"; };
		39B5A9C42786ABEA0003E23F /* GoogleService-Info.plist */ = {isa = PBXFileReference; fileEncoding = 4; lastKnownFileType = text.plist.xml; path = "GoogleService-Info.plist"; sourceTree = "<group>"; };
		B319D155277EE7550045F06D /* PVSAProgressBar.swift */ = {isa = PBXFileReference; lastKnownFileType = sourcecode.swift; path = PVSAProgressBar.swift; sourceTree = "<group>"; };
		B319D157277EE7880045F06D /* Schedule.swift */ = {isa = PBXFileReference; lastKnownFileType = sourcecode.swift; path = Schedule.swift; sourceTree = "<group>"; };
		B319D159277EE7A90045F06D /* SheetObserver.swift */ = {isa = PBXFileReference; lastKnownFileType = sourcecode.swift; path = SheetObserver.swift; sourceTree = "<group>"; };
		B319D15D277EF7030045F06D /* ScheduleCardView.swift */ = {isa = PBXFileReference; lastKnownFileType = sourcecode.swift; path = ScheduleCardView.swift; sourceTree = "<group>"; };
		B333369D27819C59007E9482 /* FriendCardView.swift */ = {isa = PBXFileReference; lastKnownFileType = sourcecode.swift; path = FriendCardView.swift; sourceTree = "<group>"; };
		B333369F27819E19007E9482 /* AddFriendSheet.swift */ = {isa = PBXFileReference; lastKnownFileType = sourcecode.swift; path = AddFriendSheet.swift; sourceTree = "<group>"; };
		B33336A32782E5DD007E9482 /* ScheduleModel.swift */ = {isa = PBXFileReference; lastKnownFileType = sourcecode.swift; path = ScheduleModel.swift; sourceTree = "<group>"; };
		B339FBB3278F53C200545F0E /* ServiceApp.entitlements */ = {isa = PBXFileReference; lastKnownFileType = text.plist.entitlements; path = ServiceApp.entitlements; sourceTree = "<group>"; };
		B339FBB5278F53D200545F0E /* CloudKit.framework */ = {isa = PBXFileReference; lastKnownFileType = wrapper.framework; name = CloudKit.framework; path = System/Library/Frameworks/CloudKit.framework; sourceTree = SDKROOT; };
		B359DBF927973C3700B5486A /* RealtimeDatabaseCRUD.swift */ = {isa = PBXFileReference; lastKnownFileType = sourcecode.swift; path = RealtimeDatabaseCRUD.swift; sourceTree = "<group>"; };
		B359DBFB2797428B00B5486A /* FirestoreCRUD.swift */ = {isa = PBXFileReference; fileEncoding = 4; lastKnownFileType = sourcecode.swift; path = FirestoreCRUD.swift; sourceTree = "<group>"; };
		B35D61B928C41AC70035BB75 /* AppleSigninView.swift */ = {isa = PBXFileReference; lastKnownFileType = sourcecode.swift; path = AppleSigninView.swift; sourceTree = "<group>"; };
		B36C7DF628935F1D009FC23E /* GeohashBox.swift */ = {isa = PBXFileReference; lastKnownFileType = sourcecode.swift; path = GeohashBox.swift; sourceTree = "<group>"; };
		B36C7DF828935F35009FC23E /* Geohash.swift */ = {isa = PBXFileReference; lastKnownFileType = sourcecode.swift; path = Geohash.swift; sourceTree = "<group>"; };
		B38CECCD277E4EDE00A98D3E /* ServiceApp.xcdatamodel */ = {isa = PBXFileReference; lastKnownFileType = wrapper.xcdatamodel; path = ServiceApp.xcdatamodel; sourceTree = "<group>"; };
		B38FD7D227AF77480059E41F /* ScheduleCardDetailModal.swift */ = {isa = PBXFileReference; lastKnownFileType = sourcecode.swift; path = ScheduleCardDetailModal.swift; sourceTree = "<group>"; };
		B3DE1AD727843ABF00E06378 /* FriendDetailSheet.swift */ = {isa = PBXFileReference; lastKnownFileType = sourcecode.swift; path = FriendDetailSheet.swift; sourceTree = "<group>"; };
		B3DE1ADC278443AE00E06378 /* FriendsCommonEvent.swift */ = {isa = PBXFileReference; lastKnownFileType = sourcecode.swift; path = FriendsCommonEvent.swift; sourceTree = "<group>"; };
		B3E6FCB7277C5870004DEE5B /* ServiceApp.app */ = {isa = PBXFileReference; explicitFileType = wrapper.application; includeInIndex = 0; path = ServiceApp.app; sourceTree = BUILT_PRODUCTS_DIR; };
		B3E6FCBA277C5870004DEE5B /* ServiceAppApp.swift */ = {isa = PBXFileReference; lastKnownFileType = sourcecode.swift; path = ServiceAppApp.swift; sourceTree = "<group>"; };
		B3E6FCBC277C5870004DEE5B /* ContentView.swift */ = {isa = PBXFileReference; lastKnownFileType = sourcecode.swift; path = ContentView.swift; sourceTree = "<group>"; };
		B3E6FCBE277C5871004DEE5B /* Assets.xcassets */ = {isa = PBXFileReference; lastKnownFileType = folder.assetcatalog; path = Assets.xcassets; sourceTree = "<group>"; };
		B3E6FCC1277C5871004DEE5B /* Preview Assets.xcassets */ = {isa = PBXFileReference; lastKnownFileType = folder.assetcatalog; path = "Preview Assets.xcassets"; sourceTree = "<group>"; };
		B3E6FCC8277C58D3004DEE5B /* Account.swift */ = {isa = PBXFileReference; lastKnownFileType = sourcecode.swift; path = Account.swift; sourceTree = "<group>"; };
		B3E6FCCC277C594A004DEE5B /* CustomTabBar.swift */ = {isa = PBXFileReference; lastKnownFileType = sourcecode.swift; path = CustomTabBar.swift; sourceTree = "<group>"; };
		B3E6FCCE277C5972004DEE5B /* EventDetailView.swift */ = {isa = PBXFileReference; lastKnownFileType = sourcecode.swift; path = EventDetailView.swift; sourceTree = "<group>"; };
		B3E6FCD0277C5991004DEE5B /* HomeView.swift */ = {isa = PBXFileReference; lastKnownFileType = sourcecode.swift; path = HomeView.swift; sourceTree = "<group>"; };
		B3E6FCD4277C59E2004DEE5B /* MapListElements.swift */ = {isa = PBXFileReference; lastKnownFileType = sourcecode.swift; path = MapListElements.swift; sourceTree = "<group>"; };
		B3E6FCD8277C5A0B004DEE5B /* MapListHalfSheet.swift */ = {isa = PBXFileReference; lastKnownFileType = sourcecode.swift; path = MapListHalfSheet.swift; sourceTree = "<group>"; };
		B3E6FCDA277C5A21004DEE5B /* MapView.swift */ = {isa = PBXFileReference; lastKnownFileType = sourcecode.swift; path = MapView.swift; sourceTree = "<group>"; };
		B3E6FCDE277C5A43004DEE5B /* DataModel.swift */ = {isa = PBXFileReference; lastKnownFileType = sourcecode.swift; path = DataModel.swift; sourceTree = "<group>"; };
		B3E6FCE0277C5A53004DEE5B /* Socials.swift */ = {isa = PBXFileReference; lastKnownFileType = sourcecode.swift; path = Socials.swift; sourceTree = "<group>"; };
		BE196EFA279CDA2800DA0217 /* Settings.swift */ = {isa = PBXFileReference; lastKnownFileType = sourcecode.swift; path = Settings.swift; sourceTree = "<group>"; };
		BE4FDCBF2896450700136E6F /* launchScreen.storyboard */ = {isa = PBXFileReference; lastKnownFileType = file.storyboard; path = launchScreen.storyboard; sourceTree = "<group>"; };
		BE53D651287A6C6200103DAF /* OrganizationDetailView.swift */ = {isa = PBXFileReference; lastKnownFileType = sourcecode.swift; path = OrganizationDetailView.swift; sourceTree = "<group>"; };
		BE5EEE23295E58A0003914E4 /* ScheduleCardDetailView.swift */ = {isa = PBXFileReference; lastKnownFileType = sourcecode.swift; path = ScheduleCardDetailView.swift; sourceTree = "<group>"; };
		BE7CCC3B2816669C0064BC80 /* EditAccountDetails.swift */ = {isa = PBXFileReference; lastKnownFileType = sourcecode.swift; path = EditAccountDetails.swift; sourceTree = "<group>"; };
		BE8934FB296E8C9A001D0B5C /* NEWGRAPH.swift */ = {isa = PBXFileReference; lastKnownFileType = sourcecode.swift; path = NEWGRAPH.swift; sourceTree = "<group>"; };
		BE92CC2D2899D34300CD7264 /* PVSAGraphs.swift */ = {isa = PBXFileReference; lastKnownFileType = sourcecode.swift; path = PVSAGraphs.swift; sourceTree = "<group>"; };
		BEAF4C25295D0CCF00476462 /* AgeVerification.swift */ = {isa = PBXFileReference; lastKnownFileType = sourcecode.swift; path = AgeVerification.swift; sourceTree = "<group>"; };
		BEB2933F27C1FE7C00D32BDE /* AuthSignIn.swift */ = {isa = PBXFileReference; lastKnownFileType = sourcecode.swift; path = AuthSignIn.swift; sourceTree = "<group>"; };
		BEB48449284B17DC00FB8469 /* CheckInView.swift */ = {isa = PBXFileReference; lastKnownFileType = sourcecode.swift; path = CheckInView.swift; sourceTree = "<group>"; };
		BEB91CCB28AB7EDE00FB9917 /* VerificationPending.swift */ = {isa = PBXFileReference; lastKnownFileType = sourcecode.swift; path = VerificationPending.swift; sourceTree = "<group>"; };
		BEBAB0BC288E72330049F689 /* FormValidationSignUp.swift */ = {isa = PBXFileReference; lastKnownFileType = sourcecode.swift; path = FormValidationSignUp.swift; sourceTree = "<group>"; };
		BEBB061927D41C1600CF0D23 /* FIRCloudImagesWithCache.swift */ = {isa = PBXFileReference; lastKnownFileType = sourcecode.swift; path = FIRCloudImagesWithCache.swift; sourceTree = "<group>"; };
		BEBB393B27DD608500E5AA18 /* CustomBezierPaths.swift */ = {isa = PBXFileReference; lastKnownFileType = sourcecode.swift; path = CustomBezierPaths.swift; sourceTree = "<group>"; };
		BEC7640E288FAECC00F90651 /* OnboardingManager.swift */ = {isa = PBXFileReference; lastKnownFileType = sourcecode.swift; path = OnboardingManager.swift; sourceTree = "<group>"; };
		BED38A7327A5E10B0080D5B9 /* PhotoFileManager.swift */ = {isa = PBXFileReference; lastKnownFileType = sourcecode.swift; path = PhotoFileManager.swift; sourceTree = "<group>"; };
		BEDEE6F428768122003B6857 /* FriendEventsInCommon.swift */ = {isa = PBXFileReference; lastKnownFileType = sourcecode.swift; path = FriendEventsInCommon.swift; sourceTree = "<group>"; };
		BEE28C392894BD2C00D0B15A /* TabBarController.swift */ = {isa = PBXFileReference; lastKnownFileType = sourcecode.swift; path = TabBarController.swift; sourceTree = "<group>"; };
		F416C237278517290099FDD6 /* PhotoPickerForQRScan.swift */ = {isa = PBXFileReference; lastKnownFileType = sourcecode.swift; path = PhotoPickerForQRScan.swift; sourceTree = "<group>"; };
		F426FA3727B43E8C00899C4B /* ConfirmNewFriend.swift */ = {isa = PBXFileReference; lastKnownFileType = sourcecode.swift; path = ConfirmNewFriend.swift; sourceTree = "<group>"; };
		F4496576280151490068A497 /* AccountLoginView.swift */ = {isa = PBXFileReference; lastKnownFileType = sourcecode.swift; path = AccountLoginView.swift; sourceTree = "<group>"; };
		F449657828026E300068A497 /* AccountSignUpView.swift */ = {isa = PBXFileReference; lastKnownFileType = sourcecode.swift; path = AccountSignUpView.swift; sourceTree = "<group>"; };
		F45E233F27A9B263007AF9D4 /* RecommendedView.swift */ = {isa = PBXFileReference; lastKnownFileType = sourcecode.swift; path = RecommendedView.swift; sourceTree = "<group>"; };
		F4903AB127E97BE7004FE5B7 /* WebView.swift */ = {isa = PBXFileReference; lastKnownFileType = sourcecode.swift; path = WebView.swift; sourceTree = "<group>"; };
/* End PBXFileReference section */

/* Begin PBXFrameworksBuildPhase section */
		B3E6FCB4277C5870004DEE5B /* Frameworks */ = {
			isa = PBXFrameworksBuildPhase;
			buildActionMask = 2147483647;
			files = (
				BEB551CC27C1A820008ED810 /* FirebaseDatabase in Frameworks */,
				B339FBB6278F53D200545F0E /* CloudKit.framework in Frameworks */,
				BEB551CA27C1A820008ED810 /* FirebaseAuth in Frameworks */,
				B3DE1AD6278433B000E06378 /* CodeScanner in Frameworks */,
				BEBE4DA52893A4AF003A0CE9 /* GeoFire in Frameworks */,
				B3DE1ADB27843C8200E06378 /* SwiftUICharts in Frameworks */,
				BEB551D027C1A820008ED810 /* FirebaseStorage in Frameworks */,
				BED38A7A27A61D180080D5B9 /* SDWebImageSwiftUI in Frameworks */,
				B31F1AF128AC458A00C703AE /* FirebaseMessaging in Frameworks */,
				BEBE4DA72893A4AF003A0CE9 /* GeoFireUtils in Frameworks */,
				BEAA842B28AC1AF1007161DD /* AlertToast in Frameworks */,
				BEB551CE27C1A820008ED810 /* FirebaseFirestore in Frameworks */,
				BEB551D327C1AEB4008ED810 /* GoogleSignIn in Frameworks */,
			);
			runOnlyForDeploymentPostprocessing = 0;
		};
/* End PBXFrameworksBuildPhase section */

/* Begin PBXGroup section */
		397A63D727810DBA002443CF /* Main */ = {
			isa = PBXGroup;
			children = (
				B3E6FCBA277C5870004DEE5B /* ServiceAppApp.swift */,
				B35D61B928C41AC70035BB75 /* AppleSigninView.swift */,
				B3E6FCBC277C5870004DEE5B /* ContentView.swift */,
				B3E6FCCC277C594A004DEE5B /* CustomTabBar.swift */,
			);
			name = Main;
			sourceTree = "<group>";
		};
		397A63D827810DDB002443CF /* HelperClasses+Models */ = {
			isa = PBXGroup;
			children = (
				B359DBFB2797428B00B5486A /* FirestoreCRUD.swift */,
				BE4FDCBF2896450700136E6F /* launchScreen.storyboard */,
				BEE28C392894BD2C00D0B15A /* TabBarController.swift */,
				F416C237278517290099FDD6 /* PhotoPickerForQRScan.swift */,
				B33336A32782E5DD007E9482 /* ScheduleModel.swift */,
				B319D159277EE7A90045F06D /* SheetObserver.swift */,
				B3E6FCDE277C5A43004DEE5B /* DataModel.swift */,
				B38CECCC277E4EDE00A98D3E /* ServiceApp.xcdatamodeld */,
				39B5A9C42786ABEA0003E23F /* GoogleService-Info.plist */,
				B359DBF927973C3700B5486A /* RealtimeDatabaseCRUD.swift */,
				BEDEE6F428768122003B6857 /* FriendEventsInCommon.swift */,
				BEBB061927D41C1600CF0D23 /* FIRCloudImagesWithCache.swift */,
				F4903AB127E97BE7004FE5B7 /* WebView.swift */,
				BEBB393B27DD608500E5AA18 /* CustomBezierPaths.swift */,
				BED38A7327A5E10B0080D5B9 /* PhotoFileManager.swift */,
				BE92CC2D2899D34300CD7264 /* PVSAGraphs.swift */,
				BE8934FB296E8C9A001D0B5C /* NEWGRAPH.swift */,
				B3E6FCBE277C5871004DEE5B /* Assets.xcassets */,
			);
			name = "HelperClasses+Models";
			sourceTree = "<group>";
		};
		397A63D927810E24002443CF /* Map */ = {
			isa = PBXGroup;
			children = (
				B3E6FCDA277C5A21004DEE5B /* MapView.swift */,
				B3E6FCD4277C59E2004DEE5B /* MapListElements.swift */,
				B3E6FCD8277C5A0B004DEE5B /* MapListHalfSheet.swift */,
				B3E6FCCE277C5972004DEE5B /* EventDetailView.swift */,
				BE53D651287A6C6200103DAF /* OrganizationDetailView.swift */,
				B36C7DF628935F1D009FC23E /* GeohashBox.swift */,
				B36C7DF828935F35009FC23E /* Geohash.swift */,
			);
			name = Map;
			sourceTree = "<group>";
		};
		39982F8227842169002D0F5F /* Home */ = {
			isa = PBXGroup;
			children = (
				B3E6FCD0277C5991004DEE5B /* HomeView.swift */,
				399BF1832782742E00C06C42 /* HomeScheduleDetailView.swift */,
				B319D155277EE7550045F06D /* PVSAProgressBar.swift */,
				F45E233F27A9B263007AF9D4 /* RecommendedView.swift */,
			);
			name = Home;
			sourceTree = "<group>";
		};
		39B5A9C62786AE7B0003E23F /* Socials */ = {
			isa = PBXGroup;
			children = (
				B3E6FCE0277C5A53004DEE5B /* Socials.swift */,
				39982F83278421AB002D0F5F /* LeaderboardView.swift */,
				B3DE1AD727843ABF00E06378 /* FriendDetailSheet.swift */,
				B333369D27819C59007E9482 /* FriendCardView.swift */,
				B3DE1ADC278443AE00E06378 /* FriendsCommonEvent.swift */,
				B333369F27819E19007E9482 /* AddFriendSheet.swift */,
				F426FA3727B43E8C00899C4B /* ConfirmNewFriend.swift */,
			);
			name = Socials;
			sourceTree = "<group>";
		};
		B339FBB4278F53D200545F0E /* Frameworks */ = {
			isa = PBXGroup;
			children = (
				B339FBB5278F53D200545F0E /* CloudKit.framework */,
			);
			name = Frameworks;
			sourceTree = "<group>";
		};
		B3E6FCAE277C5870004DEE5B = {
			isa = PBXGroup;
			children = (
				B3E6FCB9277C5870004DEE5B /* ServiceApp */,
				B3E6FCB8277C5870004DEE5B /* Products */,
				B339FBB4278F53D200545F0E /* Frameworks */,
			);
			sourceTree = "<group>";
		};
		B3E6FCB8277C5870004DEE5B /* Products */ = {
			isa = PBXGroup;
			children = (
				B3E6FCB7277C5870004DEE5B /* ServiceApp.app */,
			);
			name = Products;
			sourceTree = "<group>";
		};
		B3E6FCB9277C5870004DEE5B /* ServiceApp */ = {
			isa = PBXGroup;
			children = (
				B339FBB3278F53C200545F0E /* ServiceApp.entitlements */,
				397A63D727810DBA002443CF /* Main */,
				39982F8227842169002D0F5F /* Home */,
				397A63D927810E24002443CF /* Map */,
				39B5A9C62786AE7B0003E23F /* Socials */,
				B319D15D277EF7030045F06D /* ScheduleCardView.swift */,
				BE5EEE23295E58A0003914E4 /* ScheduleCardDetailView.swift */,
				BEB48449284B17DC00FB8469 /* CheckInView.swift */,
				B38FD7D227AF77480059E41F /* ScheduleCardDetailModal.swift */,
				BEE28C3B2894F0AB00D0B15A /* Auth */,
				B319D157277EE7880045F06D /* Schedule.swift */,
				BEE28C3C2894F16600D0B15A /* Account */,
				397A63D827810DDB002443CF /* HelperClasses+Models */,
				B3E6FCC0277C5871004DEE5B /* Preview Content */,
			);
			path = ServiceApp;
			sourceTree = "<group>";
		};
		B3E6FCC0277C5871004DEE5B /* Preview Content */ = {
			isa = PBXGroup;
			children = (
				B3E6FCC1277C5871004DEE5B /* Preview Assets.xcassets */,
			);
			path = "Preview Content";
			sourceTree = "<group>";
		};
		BEE28C3B2894F0AB00D0B15A /* Auth */ = {
			isa = PBXGroup;
			children = (
				BEC7640E288FAECC00F90651 /* OnboardingManager.swift */,
				F4496576280151490068A497 /* AccountLoginView.swift */,
				F449657828026E300068A497 /* AccountSignUpView.swift */,
				BEB2933F27C1FE7C00D32BDE /* AuthSignIn.swift */,
				BEBAB0BC288E72330049F689 /* FormValidationSignUp.swift */,
				BEB91CCB28AB7EDE00FB9917 /* VerificationPending.swift */,
				BEAF4C25295D0CCF00476462 /* AgeVerification.swift */,
			);
			name = Auth;
			sourceTree = "<group>";
		};
		BEE28C3C2894F16600D0B15A /* Account */ = {
			isa = PBXGroup;
			children = (
				B3E6FCC8277C58D3004DEE5B /* Account.swift */,
				BE7CCC3B2816669C0064BC80 /* EditAccountDetails.swift */,
				BE196EFA279CDA2800DA0217 /* Settings.swift */,
			);
			name = Account;
			sourceTree = "<group>";
		};
/* End PBXGroup section */

/* Begin PBXNativeTarget section */
		B3E6FCB6277C5870004DEE5B /* ServiceApp */ = {
			isa = PBXNativeTarget;
			buildConfigurationList = B3E6FCC5277C5871004DEE5B /* Build configuration list for PBXNativeTarget "ServiceApp" */;
			buildPhases = (
				B3E6FCB3277C5870004DEE5B /* Sources */,
				B3E6FCB4277C5870004DEE5B /* Frameworks */,
				B3E6FCB5277C5870004DEE5B /* Resources */,
			);
			buildRules = (
			);
			dependencies = (
			);
			name = ServiceApp;
			packageProductDependencies = (
				B3DE1AD5278433B000E06378 /* CodeScanner */,
				B3DE1ADA27843C8200E06378 /* SwiftUICharts */,
				BED38A7927A61D180080D5B9 /* SDWebImageSwiftUI */,
				BEB551C927C1A820008ED810 /* FirebaseAuth */,
				BEB551CB27C1A820008ED810 /* FirebaseDatabase */,
				BEB551CD27C1A820008ED810 /* FirebaseFirestore */,
				BEB551CF27C1A820008ED810 /* FirebaseStorage */,
				BEB551D227C1AEB4008ED810 /* GoogleSignIn */,
				BEBE4DA42893A4AF003A0CE9 /* GeoFire */,
				BEBE4DA62893A4AF003A0CE9 /* GeoFireUtils */,
				BEAA842A28AC1AF1007161DD /* AlertToast */,
				B31F1AF028AC458A00C703AE /* FirebaseMessaging */,
			);
			productName = ServiceApp;
			productReference = B3E6FCB7277C5870004DEE5B /* ServiceApp.app */;
			productType = "com.apple.product-type.application";
		};
/* End PBXNativeTarget section */

/* Begin PBXProject section */
		B3E6FCAF277C5870004DEE5B /* Project object */ = {
			isa = PBXProject;
			attributes = {
				BuildIndependentTargetsInParallel = 1;
				LastSwiftUpdateCheck = 1320;
				LastUpgradeCheck = 1320;
				TargetAttributes = {
					B3E6FCB6277C5870004DEE5B = {
						CreatedOnToolsVersion = 13.2.1;
					};
				};
			};
			buildConfigurationList = B3E6FCB2277C5870004DEE5B /* Build configuration list for PBXProject "ServiceApp" */;
			compatibilityVersion = "Xcode 12.0";
			developmentRegion = en;
			hasScannedForEncodings = 0;
			knownRegions = (
				en,
				Base,
			);
			mainGroup = B3E6FCAE277C5870004DEE5B;
			packageReferences = (
				B3DE1AD4278433B000E06378 /* XCRemoteSwiftPackageReference "CodeScanner" */,
				B3DE1AD927843C8200E06378 /* XCRemoteSwiftPackageReference "ChartView" */,
				BED38A7827A61D180080D5B9 /* XCRemoteSwiftPackageReference "SDWebImageSwiftUI" */,
				BEB551C827C1A820008ED810 /* XCRemoteSwiftPackageReference "firebase-ios-sdk" */,
				BEB551D127C1AEB3008ED810 /* XCRemoteSwiftPackageReference "GoogleSignIn-iOS" */,
				BEBE4DA32893A4AF003A0CE9 /* XCRemoteSwiftPackageReference "geofire-objc" */,
				BEAA842928AC1AF1007161DD /* XCRemoteSwiftPackageReference "AlertToast" */,
			);
			productRefGroup = B3E6FCB8277C5870004DEE5B /* Products */;
			projectDirPath = "";
			projectRoot = "";
			targets = (
				B3E6FCB6277C5870004DEE5B /* ServiceApp */,
			);
		};
/* End PBXProject section */

/* Begin PBXResourcesBuildPhase section */
		B3E6FCB5277C5870004DEE5B /* Resources */ = {
			isa = PBXResourcesBuildPhase;
			buildActionMask = 2147483647;
			files = (
				39B5A9C52786ABEA0003E23F /* GoogleService-Info.plist in Resources */,
				BE4FDCC02896450700136E6F /* launchScreen.storyboard in Resources */,
				B3E6FCC2277C5871004DEE5B /* Preview Assets.xcassets in Resources */,
				B3E6FCBF277C5871004DEE5B /* Assets.xcassets in Resources */,
			);
			runOnlyForDeploymentPostprocessing = 0;
		};
/* End PBXResourcesBuildPhase section */

/* Begin PBXSourcesBuildPhase section */
		B3E6FCB3277C5870004DEE5B /* Sources */ = {
			isa = PBXSourcesBuildPhase;
			buildActionMask = 2147483647;
			files = (
				B3E6FCD5277C59E2004DEE5B /* MapListElements.swift in Sources */,
				B3E6FCBD277C5870004DEE5B /* ContentView.swift in Sources */,
				B359DBFA27973C3700B5486A /* RealtimeDatabaseCRUD.swift in Sources */,
				BEB2934027C1FE7C00D32BDE /* AuthSignIn.swift in Sources */,
				B359DBFC2797428B00B5486A /* FirestoreCRUD.swift in Sources */,
				F449657928026E300068A497 /* AccountSignUpView.swift in Sources */,
				BED38A7427A5E10B0080D5B9 /* PhotoFileManager.swift in Sources */,
				B319D158277EE7880045F06D /* Schedule.swift in Sources */,
				B3E6FCD1277C5991004DEE5B /* HomeView.swift in Sources */,
				BE53D652287A6C6200103DAF /* OrganizationDetailView.swift in Sources */,
				B319D15E277EF7030045F06D /* ScheduleCardView.swift in Sources */,
				B3E6FCDB277C5A21004DEE5B /* MapView.swift in Sources */,
				B33336A027819E19007E9482 /* AddFriendSheet.swift in Sources */,
				BE5EEE24295E58A0003914E4 /* ScheduleCardDetailView.swift in Sources */,
				B319D156277EE7550045F06D /* PVSAProgressBar.swift in Sources */,
				F4903AB227E97BE7004FE5B7 /* WebView.swift in Sources */,
				399BF1842782742E00C06C42 /* HomeScheduleDetailView.swift in Sources */,
				B333369E27819C59007E9482 /* FriendCardView.swift in Sources */,
				B33336A42782E5DD007E9482 /* ScheduleModel.swift in Sources */,
				B36C7DF728935F1D009FC23E /* GeohashBox.swift in Sources */,
				F4496577280151490068A497 /* AccountLoginView.swift in Sources */,
				BE7CCC3C2816669C0064BC80 /* EditAccountDetails.swift in Sources */,
				F416C238278517290099FDD6 /* PhotoPickerForQRScan.swift in Sources */,
				B38CECCE277E4EDE00A98D3E /* ServiceApp.xcdatamodeld in Sources */,
				BEE28C3A2894BD2C00D0B15A /* TabBarController.swift in Sources */,
				BE8934FC296E8C9A001D0B5C /* NEWGRAPH.swift in Sources */,
				BEBB061A27D41C1600CF0D23 /* FIRCloudImagesWithCache.swift in Sources */,
				BEBB393C27DD608500E5AA18 /* CustomBezierPaths.swift in Sources */,
				B319D15A277EE7A90045F06D /* SheetObserver.swift in Sources */,
				B38FD7D327AF77480059E41F /* ScheduleCardDetailModal.swift in Sources */,
				B3E6FCCD277C594A004DEE5B /* CustomTabBar.swift in Sources */,
				B3DE1AD827843ABF00E06378 /* FriendDetailSheet.swift in Sources */,
				39982F84278421AB002D0F5F /* LeaderboardView.swift in Sources */,
				BEC7640F288FAECC00F90651 /* OnboardingManager.swift in Sources */,
				B3E6FCCF277C5972004DEE5B /* EventDetailView.swift in Sources */,
				B36C7DF928935F35009FC23E /* Geohash.swift in Sources */,
				B3DE1ADD278443AE00E06378 /* FriendsCommonEvent.swift in Sources */,
				F426FA3827B43E8C00899C4B /* ConfirmNewFriend.swift in Sources */,
				B3E6FCD9277C5A0B004DEE5B /* MapListHalfSheet.swift in Sources */,
				BE196EFB279CDA2800DA0217 /* Settings.swift in Sources */,
				B3E6FCDF277C5A43004DEE5B /* DataModel.swift in Sources */,
				BE92CC2E2899D34300CD7264 /* PVSAGraphs.swift in Sources */,
				BEAF4C26295D0CCF00476462 /* AgeVerification.swift in Sources */,
				BEDEE6F528768122003B6857 /* FriendEventsInCommon.swift in Sources */,
				BEBAB0BD288E72330049F689 /* FormValidationSignUp.swift in Sources */,
				F45E234027A9B263007AF9D4 /* RecommendedView.swift in Sources */,
				B3E6FCBB277C5870004DEE5B /* ServiceAppApp.swift in Sources */,
				B35D61BA28C41AC70035BB75 /* AppleSigninView.swift in Sources */,
				BEB91CCC28AB7EDE00FB9917 /* VerificationPending.swift in Sources */,
				B3E6FCE1277C5A54004DEE5B /* Socials.swift in Sources */,
				B3E6FCC9277C58D3004DEE5B /* Account.swift in Sources */,
				BEB4844A284B17DC00FB8469 /* CheckInView.swift in Sources */,
			);
			runOnlyForDeploymentPostprocessing = 0;
		};
/* End PBXSourcesBuildPhase section */

/* Begin XCBuildConfiguration section */
		B3E6FCC3277C5871004DEE5B /* Debug */ = {
			isa = XCBuildConfiguration;
			buildSettings = {
				ALWAYS_SEARCH_USER_PATHS = NO;
				CLANG_ANALYZER_NONNULL = YES;
				CLANG_ANALYZER_NUMBER_OBJECT_CONVERSION = YES_AGGRESSIVE;
				CLANG_CXX_LANGUAGE_STANDARD = "gnu++17";
				CLANG_CXX_LIBRARY = "libc++";
				CLANG_ENABLE_MODULES = YES;
				CLANG_ENABLE_OBJC_ARC = YES;
				CLANG_ENABLE_OBJC_WEAK = YES;
				CLANG_WARN_BLOCK_CAPTURE_AUTORELEASING = YES;
				CLANG_WARN_BOOL_CONVERSION = YES;
				CLANG_WARN_COMMA = YES;
				CLANG_WARN_CONSTANT_CONVERSION = YES;
				CLANG_WARN_DEPRECATED_OBJC_IMPLEMENTATIONS = YES;
				CLANG_WARN_DIRECT_OBJC_ISA_USAGE = YES_ERROR;
				CLANG_WARN_DOCUMENTATION_COMMENTS = YES;
				CLANG_WARN_EMPTY_BODY = YES;
				CLANG_WARN_ENUM_CONVERSION = YES;
				CLANG_WARN_INFINITE_RECURSION = YES;
				CLANG_WARN_INT_CONVERSION = YES;
				CLANG_WARN_NON_LITERAL_NULL_CONVERSION = YES;
				CLANG_WARN_OBJC_IMPLICIT_RETAIN_SELF = YES;
				CLANG_WARN_OBJC_LITERAL_CONVERSION = YES;
				CLANG_WARN_OBJC_ROOT_CLASS = YES_ERROR;
				CLANG_WARN_QUOTED_INCLUDE_IN_FRAMEWORK_HEADER = YES;
				CLANG_WARN_RANGE_LOOP_ANALYSIS = YES;
				CLANG_WARN_STRICT_PROTOTYPES = YES;
				CLANG_WARN_SUSPICIOUS_MOVE = YES;
				CLANG_WARN_UNGUARDED_AVAILABILITY = YES_AGGRESSIVE;
				CLANG_WARN_UNREACHABLE_CODE = YES;
				CLANG_WARN__DUPLICATE_METHOD_MATCH = YES;
				CODE_SIGN_ALLOW_ENTITLEMENTS_MODIFICATION = "";
				COPY_PHASE_STRIP = NO;
				DEBUG_INFORMATION_FORMAT = dwarf;
				ENABLE_STRICT_OBJC_MSGSEND = YES;
				ENABLE_TESTABILITY = YES;
				GCC_C_LANGUAGE_STANDARD = gnu11;
				GCC_DYNAMIC_NO_PIC = NO;
				GCC_NO_COMMON_BLOCKS = YES;
				GCC_OPTIMIZATION_LEVEL = 0;
				GCC_PREPROCESSOR_DEFINITIONS = (
					"DEBUG=1",
					"$(inherited)",
				);
				GCC_WARN_64_TO_32_BIT_CONVERSION = YES;
				GCC_WARN_ABOUT_RETURN_TYPE = YES_ERROR;
				GCC_WARN_UNDECLARED_SELECTOR = YES;
				GCC_WARN_UNINITIALIZED_AUTOS = YES_AGGRESSIVE;
				GCC_WARN_UNUSED_FUNCTION = YES;
				GCC_WARN_UNUSED_VARIABLE = YES;
				IPHONEOS_DEPLOYMENT_TARGET = 15.0;
				MTL_ENABLE_DEBUG_INFO = INCLUDE_SOURCE;
				MTL_FAST_MATH = YES;
				ONLY_ACTIVE_ARCH = YES;
				SDKROOT = iphoneos;
				SWIFT_ACTIVE_COMPILATION_CONDITIONS = DEBUG;
				SWIFT_OPTIMIZATION_LEVEL = "-Onone";
			};
			name = Debug;
		};
		B3E6FCC4277C5871004DEE5B /* Release */ = {
			isa = XCBuildConfiguration;
			buildSettings = {
				ALWAYS_SEARCH_USER_PATHS = NO;
				CLANG_ANALYZER_NONNULL = YES;
				CLANG_ANALYZER_NUMBER_OBJECT_CONVERSION = YES_AGGRESSIVE;
				CLANG_CXX_LANGUAGE_STANDARD = "gnu++17";
				CLANG_CXX_LIBRARY = "libc++";
				CLANG_ENABLE_MODULES = YES;
				CLANG_ENABLE_OBJC_ARC = YES;
				CLANG_ENABLE_OBJC_WEAK = YES;
				CLANG_WARN_BLOCK_CAPTURE_AUTORELEASING = YES;
				CLANG_WARN_BOOL_CONVERSION = YES;
				CLANG_WARN_COMMA = YES;
				CLANG_WARN_CONSTANT_CONVERSION = YES;
				CLANG_WARN_DEPRECATED_OBJC_IMPLEMENTATIONS = YES;
				CLANG_WARN_DIRECT_OBJC_ISA_USAGE = YES_ERROR;
				CLANG_WARN_DOCUMENTATION_COMMENTS = YES;
				CLANG_WARN_EMPTY_BODY = YES;
				CLANG_WARN_ENUM_CONVERSION = YES;
				CLANG_WARN_INFINITE_RECURSION = YES;
				CLANG_WARN_INT_CONVERSION = YES;
				CLANG_WARN_NON_LITERAL_NULL_CONVERSION = YES;
				CLANG_WARN_OBJC_IMPLICIT_RETAIN_SELF = YES;
				CLANG_WARN_OBJC_LITERAL_CONVERSION = YES;
				CLANG_WARN_OBJC_ROOT_CLASS = YES_ERROR;
				CLANG_WARN_QUOTED_INCLUDE_IN_FRAMEWORK_HEADER = YES;
				CLANG_WARN_RANGE_LOOP_ANALYSIS = YES;
				CLANG_WARN_STRICT_PROTOTYPES = YES;
				CLANG_WARN_SUSPICIOUS_MOVE = YES;
				CLANG_WARN_UNGUARDED_AVAILABILITY = YES_AGGRESSIVE;
				CLANG_WARN_UNREACHABLE_CODE = YES;
				CLANG_WARN__DUPLICATE_METHOD_MATCH = YES;
				CODE_SIGN_ALLOW_ENTITLEMENTS_MODIFICATION = "";
				COPY_PHASE_STRIP = NO;
				DEBUG_INFORMATION_FORMAT = "dwarf-with-dsym";
				ENABLE_NS_ASSERTIONS = NO;
				ENABLE_STRICT_OBJC_MSGSEND = YES;
				GCC_C_LANGUAGE_STANDARD = gnu11;
				GCC_NO_COMMON_BLOCKS = YES;
				GCC_WARN_64_TO_32_BIT_CONVERSION = YES;
				GCC_WARN_ABOUT_RETURN_TYPE = YES_ERROR;
				GCC_WARN_UNDECLARED_SELECTOR = YES;
				GCC_WARN_UNINITIALIZED_AUTOS = YES_AGGRESSIVE;
				GCC_WARN_UNUSED_FUNCTION = YES;
				GCC_WARN_UNUSED_VARIABLE = YES;
				IPHONEOS_DEPLOYMENT_TARGET = 15.0;
				MTL_ENABLE_DEBUG_INFO = NO;
				MTL_FAST_MATH = YES;
				SDKROOT = iphoneos;
				SWIFT_COMPILATION_MODE = wholemodule;
				SWIFT_OPTIMIZATION_LEVEL = "-O";
				VALIDATE_PRODUCT = YES;
			};
			name = Release;
		};
		B3E6FCC6277C5871004DEE5B /* Debug */ = {
			isa = XCBuildConfiguration;
			buildSettings = {
				ASSETCATALOG_COMPILER_APPICON_NAME = AppIcon;
				ASSETCATALOG_COMPILER_GLOBAL_ACCENT_COLOR_NAME = AccentColor;
				ASSETCATALOG_COMPILER_INCLUDE_ALL_APPICON_ASSETS = NO;
				CODE_SIGN_ALLOW_ENTITLEMENTS_MODIFICATION = Yes;
				CODE_SIGN_ENTITLEMENTS = ServiceApp/ServiceApp.entitlements;
				CODE_SIGN_IDENTITY = "Apple Development";
				CODE_SIGN_STYLE = Automatic;
				CURRENT_PROJECT_VERSION = 1;
				DEVELOPMENT_ASSET_PATHS = "\"ServiceApp/Preview Content\"";
				DEVELOPMENT_TEAM = B2278J6LL2;
				ENABLE_PREVIEWS = YES;
				GENERATE_INFOPLIST_FILE = YES;
				INFOPLIST_FILE = ServiceApp/Info.plist;
				INFOPLIST_KEY_CFBundleDisplayName = Serv;
				INFOPLIST_KEY_LSApplicationCategoryType = "public.app-category.social-networking";
				INFOPLIST_KEY_NSCameraUsageDescription = "Needed to Scan QR Codes";
				INFOPLIST_KEY_NSLocationAlwaysAndWhenInUseUsageDescription = hey;
				INFOPLIST_KEY_NSLocationWhenInUseUsageDescription = "Serv needs to find events near you";
				INFOPLIST_KEY_UIApplicationSceneManifest_Generation = YES;
				INFOPLIST_KEY_UIApplicationSupportsIndirectInputEvents = YES;
				INFOPLIST_KEY_UILaunchStoryboardName = launchScreen.storyboard;
				INFOPLIST_KEY_UIRequiredDeviceCapabilities = armv7;
				INFOPLIST_KEY_UIStatusBarStyle = "";
				INFOPLIST_KEY_UISupportedInterfaceOrientations = UIInterfaceOrientationPortrait;
				IPHONEOS_DEPLOYMENT_TARGET = 15.0;
				LD_RUNPATH_SEARCH_PATHS = (
					"$(inherited)",
					"@executable_path/Frameworks",
				);
				MARKETING_VERSION = 1.0.1;
				PRODUCT_BUNDLE_IDENTIFIER = org.goserv.Serv;
				PRODUCT_NAME = "$(TARGET_NAME)";
				PROVISIONING_PROFILE_SPECIFIER = "";
				SWIFT_EMIT_LOC_STRINGS = YES;
				SWIFT_VERSION = 5.0;
				TARGETED_DEVICE_FAMILY = "1,2";
			};
			name = Debug;
		};
		B3E6FCC7277C5871004DEE5B /* Release */ = {
			isa = XCBuildConfiguration;
			buildSettings = {
				ASSETCATALOG_COMPILER_APPICON_NAME = AppIcon;
				ASSETCATALOG_COMPILER_GLOBAL_ACCENT_COLOR_NAME = AccentColor;
				ASSETCATALOG_COMPILER_INCLUDE_ALL_APPICON_ASSETS = NO;
				CODE_SIGN_ALLOW_ENTITLEMENTS_MODIFICATION = Yes;
				CODE_SIGN_ENTITLEMENTS = ServiceApp/ServiceApp.entitlements;
				CODE_SIGN_IDENTITY = "Apple Development";
				CODE_SIGN_STYLE = Automatic;
				CURRENT_PROJECT_VERSION = 1;
				DEVELOPMENT_ASSET_PATHS = "\"ServiceApp/Preview Content\"";
				DEVELOPMENT_TEAM = B2278J6LL2;
				ENABLE_PREVIEWS = YES;
				GENERATE_INFOPLIST_FILE = YES;
				INFOPLIST_FILE = ServiceApp/Info.plist;
				INFOPLIST_KEY_CFBundleDisplayName = Serv;
				INFOPLIST_KEY_LSApplicationCategoryType = "public.app-category.social-networking";
				INFOPLIST_KEY_NSCameraUsageDescription = "Needed to Scan QR Codes";
				INFOPLIST_KEY_NSLocationAlwaysAndWhenInUseUsageDescription = hey;
				INFOPLIST_KEY_NSLocationWhenInUseUsageDescription = "Serv needs to find events near you";
				INFOPLIST_KEY_UIApplicationSceneManifest_Generation = YES;
				INFOPLIST_KEY_UIApplicationSupportsIndirectInputEvents = YES;
				INFOPLIST_KEY_UILaunchStoryboardName = launchScreen.storyboard;
				INFOPLIST_KEY_UIRequiredDeviceCapabilities = armv7;
				INFOPLIST_KEY_UIStatusBarStyle = "";
				INFOPLIST_KEY_UISupportedInterfaceOrientations = UIInterfaceOrientationPortrait;
				IPHONEOS_DEPLOYMENT_TARGET = 15.0;
				LD_RUNPATH_SEARCH_PATHS = (
					"$(inherited)",
					"@executable_path/Frameworks",
				);
				MARKETING_VERSION = 1.0.1;
				PRODUCT_BUNDLE_IDENTIFIER = org.goserv.Serv;
				PRODUCT_NAME = "$(TARGET_NAME)";
				PROVISIONING_PROFILE_SPECIFIER = "";
				SWIFT_EMIT_LOC_STRINGS = YES;
				SWIFT_VERSION = 5.0;
				TARGETED_DEVICE_FAMILY = "1,2";
			};
			name = Release;
		};
/* End XCBuildConfiguration section */

/* Begin XCConfigurationList section */
		B3E6FCB2277C5870004DEE5B /* Build configuration list for PBXProject "ServiceApp" */ = {
			isa = XCConfigurationList;
			buildConfigurations = (
				B3E6FCC3277C5871004DEE5B /* Debug */,
				B3E6FCC4277C5871004DEE5B /* Release */,
			);
			defaultConfigurationIsVisible = 0;
			defaultConfigurationName = Release;
		};
		B3E6FCC5277C5871004DEE5B /* Build configuration list for PBXNativeTarget "ServiceApp" */ = {
			isa = XCConfigurationList;
			buildConfigurations = (
				B3E6FCC6277C5871004DEE5B /* Debug */,
				B3E6FCC7277C5871004DEE5B /* Release */,
			);
			defaultConfigurationIsVisible = 0;
			defaultConfigurationName = Release;
		};
/* End XCConfigurationList section */

/* Begin XCRemoteSwiftPackageReference section */
		B3DE1AD4278433B000E06378 /* XCRemoteSwiftPackageReference "CodeScanner" */ = {
			isa = XCRemoteSwiftPackageReference;
			repositoryURL = "https://github.com/twostraws/CodeScanner";
			requirement = {
				branch = main;
				kind = branch;
			};
		};
		B3DE1AD927843C8200E06378 /* XCRemoteSwiftPackageReference "ChartView" */ = {
			isa = XCRemoteSwiftPackageReference;
			repositoryURL = "https://github.com/AppPear/ChartView";
			requirement = {
				kind = upToNextMajorVersion;
				minimumVersion = 1.0.0;
			};
		};
		BEAA842928AC1AF1007161DD /* XCRemoteSwiftPackageReference "AlertToast" */ = {
			isa = XCRemoteSwiftPackageReference;
			repositoryURL = "https://github.com/elai950/AlertToast";
			requirement = {
				kind = upToNextMajorVersion;
				minimumVersion = 1.0.0;
			};
		};
		BEB551C827C1A820008ED810 /* XCRemoteSwiftPackageReference "firebase-ios-sdk" */ = {
			isa = XCRemoteSwiftPackageReference;
			repositoryURL = "https://github.com/firebase/firebase-ios-sdk";
			requirement = {
				kind = upToNextMinorVersion;
				minimumVersion = 8.9.0;
			};
		};
		BEB551D127C1AEB3008ED810 /* XCRemoteSwiftPackageReference "GoogleSignIn-iOS" */ = {
			isa = XCRemoteSwiftPackageReference;
			repositoryURL = "https://github.com/google/GoogleSignIn-iOS.git";
			requirement = {
				kind = upToNextMajorVersion;
				minimumVersion = 6.0.0;
			};
		};
		BEBE4DA32893A4AF003A0CE9 /* XCRemoteSwiftPackageReference "geofire-objc" */ = {
			isa = XCRemoteSwiftPackageReference;
			repositoryURL = "https://github.com/firebase/geofire-objc";
			requirement = {
				branch = master;
				kind = branch;
			};
		};
		BED38A7827A61D180080D5B9 /* XCRemoteSwiftPackageReference "SDWebImageSwiftUI" */ = {
			isa = XCRemoteSwiftPackageReference;
			repositoryURL = "https://github.com/SDWebImage/SDWebImageSwiftUI";
			requirement = {
				kind = upToNextMajorVersion;
				minimumVersion = 2.0.0;
			};
		};
/* End XCRemoteSwiftPackageReference section */

/* Begin XCSwiftPackageProductDependency section */
		B31F1AF028AC458A00C703AE /* FirebaseMessaging */ = {
			isa = XCSwiftPackageProductDependency;
			package = BEB551C827C1A820008ED810 /* XCRemoteSwiftPackageReference "firebase-ios-sdk" */;
			productName = FirebaseMessaging;
		};
		B3DE1AD5278433B000E06378 /* CodeScanner */ = {
			isa = XCSwiftPackageProductDependency;
			package = B3DE1AD4278433B000E06378 /* XCRemoteSwiftPackageReference "CodeScanner" */;
			productName = CodeScanner;
		};
		B3DE1ADA27843C8200E06378 /* SwiftUICharts */ = {
			isa = XCSwiftPackageProductDependency;
			package = B3DE1AD927843C8200E06378 /* XCRemoteSwiftPackageReference "ChartView" */;
			productName = SwiftUICharts;
		};
		BEAA842A28AC1AF1007161DD /* AlertToast */ = {
			isa = XCSwiftPackageProductDependency;
			package = BEAA842928AC1AF1007161DD /* XCRemoteSwiftPackageReference "AlertToast" */;
			productName = AlertToast;
		};
		BEB551C927C1A820008ED810 /* FirebaseAuth */ = {
			isa = XCSwiftPackageProductDependency;
			package = BEB551C827C1A820008ED810 /* XCRemoteSwiftPackageReference "firebase-ios-sdk" */;
			productName = FirebaseAuth;
		};
		BEB551CB27C1A820008ED810 /* FirebaseDatabase */ = {
			isa = XCSwiftPackageProductDependency;
			package = BEB551C827C1A820008ED810 /* XCRemoteSwiftPackageReference "firebase-ios-sdk" */;
			productName = FirebaseDatabase;
		};
		BEB551CD27C1A820008ED810 /* FirebaseFirestore */ = {
			isa = XCSwiftPackageProductDependency;
			package = BEB551C827C1A820008ED810 /* XCRemoteSwiftPackageReference "firebase-ios-sdk" */;
			productName = FirebaseFirestore;
		};
		BEB551CF27C1A820008ED810 /* FirebaseStorage */ = {
			isa = XCSwiftPackageProductDependency;
			package = BEB551C827C1A820008ED810 /* XCRemoteSwiftPackageReference "firebase-ios-sdk" */;
			productName = FirebaseStorage;
		};
		BEB551D227C1AEB4008ED810 /* GoogleSignIn */ = {
			isa = XCSwiftPackageProductDependency;
			package = BEB551D127C1AEB3008ED810 /* XCRemoteSwiftPackageReference "GoogleSignIn-iOS" */;
			productName = GoogleSignIn;
		};
		BEBE4DA42893A4AF003A0CE9 /* GeoFire */ = {
			isa = XCSwiftPackageProductDependency;
			package = BEBE4DA32893A4AF003A0CE9 /* XCRemoteSwiftPackageReference "geofire-objc" */;
			productName = GeoFire;
		};
		BEBE4DA62893A4AF003A0CE9 /* GeoFireUtils */ = {
			isa = XCSwiftPackageProductDependency;
			package = BEBE4DA32893A4AF003A0CE9 /* XCRemoteSwiftPackageReference "geofire-objc" */;
			productName = GeoFireUtils;
		};
		BED38A7927A61D180080D5B9 /* SDWebImageSwiftUI */ = {
			isa = XCSwiftPackageProductDependency;
			package = BED38A7827A61D180080D5B9 /* XCRemoteSwiftPackageReference "SDWebImageSwiftUI" */;
			productName = SDWebImageSwiftUI;
		};
/* End XCSwiftPackageProductDependency section */

/* Begin XCVersionGroup section */
		B38CECCC277E4EDE00A98D3E /* ServiceApp.xcdatamodeld */ = {
			isa = XCVersionGroup;
			children = (
				B38CECCD277E4EDE00A98D3E /* ServiceApp.xcdatamodel */,
			);
			currentVersion = B38CECCD277E4EDE00A98D3E /* ServiceApp.xcdatamodel */;
			path = ServiceApp.xcdatamodeld;
			sourceTree = "<group>";
			versionGroupType = wrapper.xcdatamodel;
		};
/* End XCVersionGroup section */
	};
	rootObject = B3E6FCAF277C5870004DEE5B /* Project object */;
}
